// !$*UTF8*$!
{
	archiveVersion = 1;
	classes = {
	};
	objectVersion = 50;
	objects = {

/* Begin PBXBuildFile section */
		A92E72E2209D815B0015F647 /* PlayingState.swift in Sources */ = {isa = PBXBuildFile; fileRef = A92E72E1209D815B0015F647 /* PlayingState.swift */; };
		A92E72E4209D81820015F647 /* GameOverState.swift in Sources */ = {isa = PBXBuildFile; fileRef = A92E72E3209D81820015F647 /* GameOverState.swift */; };
		A92E72E6209D818B0015F647 /* PausedState.swift in Sources */ = {isa = PBXBuildFile; fileRef = A92E72E5209D818B0015F647 /* PausedState.swift */; };
		A92E72EC209D84AE0015F647 /* Pixel Digivolve.otf in Resources */ = {isa = PBXBuildFile; fileRef = A92E72EB209D84AE0015F647 /* Pixel Digivolve.otf */; };
		A92E72EE209D87570015F647 /* ButtonNode.swift in Sources */ = {isa = PBXBuildFile; fileRef = A92E72ED209D87570015F647 /* ButtonNode.swift */; };
		A992D8B620A03B90003A9998 /* SceneOverlay.swift in Sources */ = {isa = PBXBuildFile; fileRef = A992D8B520A03B90003A9998 /* SceneOverlay.swift */; };
		A9ACB91D2099A1F200966991 /* AppDelegate.swift in Sources */ = {isa = PBXBuildFile; fileRef = A9ACB91C2099A1F200966991 /* AppDelegate.swift */; };
		A9ACB91F2099A1F200966991 /* GameScene.sks in Resources */ = {isa = PBXBuildFile; fileRef = A9ACB91E2099A1F200966991 /* GameScene.sks */; };
		A9ACB9232099A1F200966991 /* GameScene.swift in Sources */ = {isa = PBXBuildFile; fileRef = A9ACB9222099A1F200966991 /* GameScene.swift */; };
		A9ACB9252099A1F200966991 /* GameViewController.swift in Sources */ = {isa = PBXBuildFile; fileRef = A9ACB9242099A1F200966991 /* GameViewController.swift */; };
		A9ACB9282099A1F200966991 /* Main.storyboard in Resources */ = {isa = PBXBuildFile; fileRef = A9ACB9262099A1F200966991 /* Main.storyboard */; };
		A9ACB92A2099A1F300966991 /* Assets.xcassets in Resources */ = {isa = PBXBuildFile; fileRef = A9ACB9292099A1F300966991 /* Assets.xcassets */; };
		A9ACB92D2099A1F300966991 /* LaunchScreen.storyboard in Resources */ = {isa = PBXBuildFile; fileRef = A9ACB92B2099A1F300966991 /* LaunchScreen.storyboard */; };
		A9ACB9382099A1F300966991 /* ios_spritekit_flappy_flying_birdTests.swift in Sources */ = {isa = PBXBuildFile; fileRef = A9ACB9372099A1F300966991 /* ios_spritekit_flappy_flying_birdTests.swift */; };
		A9ACB96B2099B42300966991 /* Actions.sks in Resources */ = {isa = PBXBuildFile; fileRef = A9ACB96A2099B42300966991 /* Actions.sks */; };
		A9ACB9732099B7AF00966991 /* rollover1.mp3 in Resources */ = {isa = PBXBuildFile; fileRef = A9ACB96D2099B7AE00966991 /* rollover1.mp3 */; };
		A9ACB9742099B7AF00966991 /* click1.mp3 in Resources */ = {isa = PBXBuildFile; fileRef = A9ACB96E2099B7AF00966991 /* click1.mp3 */; };
		A9ACB9752099B7AF00966991 /* switch3.mp3 in Resources */ = {isa = PBXBuildFile; fileRef = A9ACB96F2099B7AF00966991 /* switch3.mp3 */; };
		A9ACB9762099B7AF00966991 /* click2.mp3 in Resources */ = {isa = PBXBuildFile; fileRef = A9ACB9702099B7AF00966991 /* click2.mp3 */; };
		A9ACB9772099B7AF00966991 /* switch2.mp3 in Resources */ = {isa = PBXBuildFile; fileRef = A9ACB9712099B7AF00966991 /* switch2.mp3 */; };
		A9ACB9782099B7AF00966991 /* rollover2.mp3 in Resources */ = {isa = PBXBuildFile; fileRef = A9ACB9722099B7AF00966991 /* rollover2.mp3 */; };
		A9ACB97E2099C8C400966991 /* InfiniteSpriteScrollNode.swift in Sources */ = {isa = PBXBuildFile; fileRef = A9ACB97D2099C8C400966991 /* InfiniteSpriteScrollNode.swift */; };
		A9ACB9872099E74600966991 /* BirdNode.swift in Sources */ = {isa = PBXBuildFile; fileRef = A9ACB9862099E74600966991 /* BirdNode.swift */; };
		A9ACB98B2099F0D300966991 /* Updatable.swift in Sources */ = {isa = PBXBuildFile; fileRef = A9ACB98A2099F0D300966991 /* Updatable.swift */; };
		A9ACB98D2099F0FC00966991 /* Touchable.swift in Sources */ = {isa = PBXBuildFile; fileRef = A9ACB98C2099F0FC00966991 /* Touchable.swift */; };
		A9ACB9972099F19E00966991 /* .gitignore in Resources */ = {isa = PBXBuildFile; fileRef = A9ACB9962099F19E00966991 /* .gitignore */; };
		A9ACB9992099F1D200966991 /* PhysicsCategories.swift in Sources */ = {isa = PBXBuildFile; fileRef = A9ACB9982099F1D200966991 /* PhysicsCategories.swift */; };
		A9ACB99C209A0DE100966991 /* CGFloat+MathUtils.swift in Sources */ = {isa = PBXBuildFile; fileRef = A9ACB99B209A0DE100966991 /* CGFloat+MathUtils.swift */; };
		A9ACB99F209A0F4D00966991 /* GameSceneAdapter.swift in Sources */ = {isa = PBXBuildFile; fileRef = A9ACB99E209A0F4D00966991 /* GameSceneAdapter.swift */; };
		A9B14F1820A57575005221BA /* PrePlayScene.sks in Resources */ = {isa = PBXBuildFile; fileRef = A9B14F1720A57575005221BA /* PrePlayScene.sks */; };
		A9B14F1B20A5796E005221BA /* clock-tick.mp3 in Resources */ = {isa = PBXBuildFile; fileRef = A9B14F1920A5796E005221BA /* clock-tick.mp3 */; };
		A9B14F1C20A5796E005221BA /* clock-final-tick.mp3 in Resources */ = {isa = PBXBuildFile; fileRef = A9B14F1A20A5796E005221BA /* clock-final-tick.mp3 */; };
		A9B14F1F20A588BB005221BA /* TouchToFlyScene.sks in Resources */ = {isa = PBXBuildFile; fileRef = A9B14F1E20A588BB005221BA /* TouchToFlyScene.sks */; };
		A9B9C729209EE31C0045548D /* TitleScene.swift in Sources */ = {isa = PBXBuildFile; fileRef = A9B9C728209EE31C0045548D /* TitleScene.swift */; };
		A9B9C72B209EE3290045548D /* TitleScene.sks in Resources */ = {isa = PBXBuildFile; fileRef = A9B9C72A209EE3290045548D /* TitleScene.sks */; };
		A9CA8F6D209C9130004CB9D4 /* Coin.wav in Resources */ = {isa = PBXBuildFile; fileRef = A9CA8F6C209C9130004CB9D4 /* Coin.wav */; };
		A9CA8F6F209C9233004CB9D4 /* POL-flight-master-short.wav in Resources */ = {isa = PBXBuildFile; fileRef = A9CA8F6E209C9233004CB9D4 /* POL-flight-master-short.wav */; };
		A9CA8F72209C9549004CB9D4 /* POL-catch-them-all-short.wav in Resources */ = {isa = PBXBuildFile; fileRef = A9CA8F71209C9549004CB9D4 /* POL-catch-them-all-short.wav */; };
		A9CA8F74209C954E004CB9D4 /* Hit_Hurt.wav in Resources */ = {isa = PBXBuildFile; fileRef = A9CA8F73209C954E004CB9D4 /* Hit_Hurt.wav */; };
		A9CC5C31209EFA0600040E61 /* SKTexture+Gradient.swift in Sources */ = {isa = PBXBuildFile; fileRef = A9CC5C30209EFA0600040E61 /* SKTexture+Gradient.swift */; };
		A9CC5C3720A0216500040E61 /* ControlInputDirection.swift in Sources */ = {isa = PBXBuildFile; fileRef = A9CC5C3620A0216500040E61 /* ControlInputDirection.swift */; };
		A9CC5C3A20A02D0A00040E61 /* PauseScene.sks in Resources */ = {isa = PBXBuildFile; fileRef = A9CC5C3920A02D0A00040E61 /* PauseScene.sks */; };
		A9CC5C3D20A030A900040E61 /* FailedScene.sks in Resources */ = {isa = PBXBuildFile; fileRef = A9CC5C3C20A030A900040E61 /* FailedScene.sks */; };
		A9D4CFD7209AF515006461AF /* SKScene+SpriteUploader.swift in Sources */ = {isa = PBXBuildFile; fileRef = A9D4CFD6209AF515006461AF /* SKScene+SpriteUploader.swift */; };
		A9D4CFD9209AF53E006461AF /* SKTextureAtlas+FrameUploader.swift in Sources */ = {isa = PBXBuildFile; fileRef = A9D4CFD8209AF53E006461AF /* SKTextureAtlas+FrameUploader.swift */; };
		A9D4CFDB209AFA06006461AF /* GameSceneProtocol.swift in Sources */ = {isa = PBXBuildFile; fileRef = A9D4CFDA209AFA06006461AF /* GameSceneProtocol.swift */; };
		A9D4CFDD209B3A50006461AF /* PipeNode.swift in Sources */ = {isa = PBXBuildFile; fileRef = A9D4CFDC209B3A4F006461AF /* PipeNode.swift */; };
		A9D4CFE0209B4040006461AF /* PipeFactory.swift in Sources */ = {isa = PBXBuildFile; fileRef = A9D4CFDF209B4040006461AF /* PipeFactory.swift */; };
		A9EC755E20A6CB03007C42EC /* SettingsScene.sks in Resources */ = {isa = PBXBuildFile; fileRef = A9EC755D20A6CB03007C42EC /* SettingsScene.sks */; };
		A9EC756020A6D0F1007C42EC /* ScoreScene.sks in Resources */ = {isa = PBXBuildFile; fileRef = A9EC755F20A6D0F1007C42EC /* ScoreScene.sks */; };
		A9EC756420A6D3E9007C42EC /* SettingsScene.swift in Sources */ = {isa = PBXBuildFile; fileRef = A9EC756320A6D3E9007C42EC /* SettingsScene.swift */; };
		A9EC756620A6D829007C42EC /* ScoresScene.swift in Sources */ = {isa = PBXBuildFile; fileRef = A9EC756520A6D829007C42EC /* ScoresScene.swift */; };
		A9EC756820A6E479007C42EC /* RoutingUtilityScene.swift in Sources */ = {isa = PBXBuildFile; fileRef = A9EC756720A6E479007C42EC /* RoutingUtilityScene.swift */; };
/* End PBXBuildFile section */

/* Begin PBXContainerItemProxy section */
		A9ACB9342099A1F300966991 /* PBXContainerItemProxy */ = {
			isa = PBXContainerItemProxy;
			containerPortal = A9ACB9112099A1F200966991 /* Project object */;
			proxyType = 1;
			remoteGlobalIDString = A9ACB9182099A1F200966991;
			remoteInfo = "ios-spritekit-flappy-flying-bird";
		};
/* End PBXContainerItemProxy section */

/* Begin PBXFileReference section */
		A92E72E1209D815B0015F647 /* PlayingState.swift */ = {isa = PBXFileReference; lastKnownFileType = sourcecode.swift; path = PlayingState.swift; sourceTree = "<group>"; };
		A92E72E3209D81820015F647 /* GameOverState.swift */ = {isa = PBXFileReference; lastKnownFileType = sourcecode.swift; path = GameOverState.swift; sourceTree = "<group>"; };
		A92E72E5209D818B0015F647 /* PausedState.swift */ = {isa = PBXFileReference; lastKnownFileType = sourcecode.swift; path = PausedState.swift; sourceTree = "<group>"; };
		A92E72EB209D84AE0015F647 /* Pixel Digivolve.otf */ = {isa = PBXFileReference; lastKnownFileType = file; path = "Pixel Digivolve.otf"; sourceTree = "<group>"; };
		A92E72ED209D87570015F647 /* ButtonNode.swift */ = {isa = PBXFileReference; lastKnownFileType = sourcecode.swift; path = ButtonNode.swift; sourceTree = "<group>"; };
		A992D8B520A03B90003A9998 /* SceneOverlay.swift */ = {isa = PBXFileReference; lastKnownFileType = sourcecode.swift; path = SceneOverlay.swift; sourceTree = "<group>"; };
		A9ACB9192099A1F200966991 /* ios-spritekit-flappy-flying-bird.app */ = {isa = PBXFileReference; explicitFileType = wrapper.application; includeInIndex = 0; path = "ios-spritekit-flappy-flying-bird.app"; sourceTree = BUILT_PRODUCTS_DIR; };
		A9ACB91C2099A1F200966991 /* AppDelegate.swift */ = {isa = PBXFileReference; lastKnownFileType = sourcecode.swift; path = AppDelegate.swift; sourceTree = "<group>"; };
		A9ACB91E2099A1F200966991 /* GameScene.sks */ = {isa = PBXFileReference; lastKnownFileType = file.sks; path = GameScene.sks; sourceTree = "<group>"; };
		A9ACB9222099A1F200966991 /* GameScene.swift */ = {isa = PBXFileReference; lastKnownFileType = sourcecode.swift; path = GameScene.swift; sourceTree = "<group>"; };
		A9ACB9242099A1F200966991 /* GameViewController.swift */ = {isa = PBXFileReference; lastKnownFileType = sourcecode.swift; path = GameViewController.swift; sourceTree = "<group>"; };
		A9ACB9272099A1F200966991 /* Base */ = {isa = PBXFileReference; lastKnownFileType = file.storyboard; name = Base; path = Base.lproj/Main.storyboard; sourceTree = "<group>"; };
		A9ACB9292099A1F300966991 /* Assets.xcassets */ = {isa = PBXFileReference; lastKnownFileType = folder.assetcatalog; path = Assets.xcassets; sourceTree = "<group>"; };
		A9ACB92C2099A1F300966991 /* Base */ = {isa = PBXFileReference; lastKnownFileType = file.storyboard; name = Base; path = Base.lproj/LaunchScreen.storyboard; sourceTree = "<group>"; };
		A9ACB92E2099A1F300966991 /* Info.plist */ = {isa = PBXFileReference; lastKnownFileType = text.plist.xml; path = Info.plist; sourceTree = "<group>"; };
		A9ACB9332099A1F300966991 /* ios-spritekit-flappy-flying-birdTests.xctest */ = {isa = PBXFileReference; explicitFileType = wrapper.cfbundle; includeInIndex = 0; path = "ios-spritekit-flappy-flying-birdTests.xctest"; sourceTree = BUILT_PRODUCTS_DIR; };
		A9ACB9372099A1F300966991 /* ios_spritekit_flappy_flying_birdTests.swift */ = {isa = PBXFileReference; lastKnownFileType = sourcecode.swift; path = ios_spritekit_flappy_flying_birdTests.swift; sourceTree = "<group>"; };
		A9ACB9392099A1F300966991 /* Info.plist */ = {isa = PBXFileReference; lastKnownFileType = text.plist.xml; path = Info.plist; sourceTree = "<group>"; };
		A9ACB96A2099B42300966991 /* Actions.sks */ = {isa = PBXFileReference; lastKnownFileType = file.sks; path = Actions.sks; sourceTree = "<group>"; };
		A9ACB96D2099B7AE00966991 /* rollover1.mp3 */ = {isa = PBXFileReference; lastKnownFileType = audio.mp3; path = rollover1.mp3; sourceTree = "<group>"; };
		A9ACB96E2099B7AF00966991 /* click1.mp3 */ = {isa = PBXFileReference; lastKnownFileType = audio.mp3; path = click1.mp3; sourceTree = "<group>"; };
		A9ACB96F2099B7AF00966991 /* switch3.mp3 */ = {isa = PBXFileReference; lastKnownFileType = audio.mp3; path = switch3.mp3; sourceTree = "<group>"; };
		A9ACB9702099B7AF00966991 /* click2.mp3 */ = {isa = PBXFileReference; lastKnownFileType = audio.mp3; path = click2.mp3; sourceTree = "<group>"; };
		A9ACB9712099B7AF00966991 /* switch2.mp3 */ = {isa = PBXFileReference; lastKnownFileType = audio.mp3; path = switch2.mp3; sourceTree = "<group>"; };
		A9ACB9722099B7AF00966991 /* rollover2.mp3 */ = {isa = PBXFileReference; lastKnownFileType = audio.mp3; path = rollover2.mp3; sourceTree = "<group>"; };
		A9ACB97D2099C8C400966991 /* InfiniteSpriteScrollNode.swift */ = {isa = PBXFileReference; fileEncoding = 4; lastKnownFileType = sourcecode.swift; name = InfiniteSpriteScrollNode.swift; path = "ios-spritekit-flappy-flying-bird/Nodes/InfiniteSpriteScrollNode.swift"; sourceTree = SOURCE_ROOT; };
		A9ACB9862099E74600966991 /* BirdNode.swift */ = {isa = PBXFileReference; lastKnownFileType = sourcecode.swift; path = BirdNode.swift; sourceTree = "<group>"; };
		A9ACB98A2099F0D300966991 /* Updatable.swift */ = {isa = PBXFileReference; lastKnownFileType = sourcecode.swift; path = Updatable.swift; sourceTree = "<group>"; };
		A9ACB98C2099F0FC00966991 /* Touchable.swift */ = {isa = PBXFileReference; lastKnownFileType = sourcecode.swift; path = Touchable.swift; sourceTree = "<group>"; };
		A9ACB9962099F19E00966991 /* .gitignore */ = {isa = PBXFileReference; lastKnownFileType = text; path = .gitignore; sourceTree = "<group>"; };
		A9ACB9982099F1D200966991 /* PhysicsCategories.swift */ = {isa = PBXFileReference; lastKnownFileType = sourcecode.swift; path = PhysicsCategories.swift; sourceTree = "<group>"; };
		A9ACB99B209A0DE100966991 /* CGFloat+MathUtils.swift */ = {isa = PBXFileReference; lastKnownFileType = sourcecode.swift; path = "CGFloat+MathUtils.swift"; sourceTree = "<group>"; };
		A9ACB99E209A0F4D00966991 /* GameSceneAdapter.swift */ = {isa = PBXFileReference; lastKnownFileType = sourcecode.swift; path = GameSceneAdapter.swift; sourceTree = "<group>"; };
		A9B14F1720A57575005221BA /* PrePlayScene.sks */ = {isa = PBXFileReference; lastKnownFileType = file.sks; path = PrePlayScene.sks; sourceTree = "<group>"; };
		A9B14F1920A5796E005221BA /* clock-tick.mp3 */ = {isa = PBXFileReference; lastKnownFileType = audio.mp3; path = "clock-tick.mp3"; sourceTree = "<group>"; };
		A9B14F1A20A5796E005221BA /* clock-final-tick.mp3 */ = {isa = PBXFileReference; lastKnownFileType = audio.mp3; path = "clock-final-tick.mp3"; sourceTree = "<group>"; };
		A9B14F1E20A588BB005221BA /* TouchToFlyScene.sks */ = {isa = PBXFileReference; lastKnownFileType = file.sks; path = TouchToFlyScene.sks; sourceTree = "<group>"; };
		A9B9C728209EE31C0045548D /* TitleScene.swift */ = {isa = PBXFileReference; lastKnownFileType = sourcecode.swift; path = TitleScene.swift; sourceTree = "<group>"; };
		A9B9C72A209EE3290045548D /* TitleScene.sks */ = {isa = PBXFileReference; lastKnownFileType = file.sks; path = TitleScene.sks; sourceTree = "<group>"; };
		A9CA8F6C209C9130004CB9D4 /* Coin.wav */ = {isa = PBXFileReference; lastKnownFileType = audio.wav; path = Coin.wav; sourceTree = "<group>"; };
		A9CA8F6E209C9233004CB9D4 /* POL-flight-master-short.wav */ = {isa = PBXFileReference; lastKnownFileType = audio.wav; path = "POL-flight-master-short.wav"; sourceTree = "<group>"; };
		A9CA8F71209C9549004CB9D4 /* POL-catch-them-all-short.wav */ = {isa = PBXFileReference; lastKnownFileType = audio.wav; path = "POL-catch-them-all-short.wav"; sourceTree = "<group>"; };
		A9CA8F73209C954E004CB9D4 /* Hit_Hurt.wav */ = {isa = PBXFileReference; lastKnownFileType = audio.wav; path = Hit_Hurt.wav; sourceTree = "<group>"; };
		A9CC5C30209EFA0600040E61 /* SKTexture+Gradient.swift */ = {isa = PBXFileReference; lastKnownFileType = sourcecode.swift; path = "SKTexture+Gradient.swift"; sourceTree = "<group>"; };
		A9CC5C3620A0216500040E61 /* ControlInputDirection.swift */ = {isa = PBXFileReference; lastKnownFileType = sourcecode.swift; path = ControlInputDirection.swift; sourceTree = "<group>"; };
		A9CC5C3920A02D0A00040E61 /* PauseScene.sks */ = {isa = PBXFileReference; lastKnownFileType = file.sks; path = PauseScene.sks; sourceTree = "<group>"; };
		A9CC5C3C20A030A900040E61 /* FailedScene.sks */ = {isa = PBXFileReference; lastKnownFileType = file.sks; path = FailedScene.sks; sourceTree = "<group>"; };
		A9D4CFD6209AF515006461AF /* SKScene+SpriteUploader.swift */ = {isa = PBXFileReference; lastKnownFileType = sourcecode.swift; path = "SKScene+SpriteUploader.swift"; sourceTree = "<group>"; };
		A9D4CFD8209AF53E006461AF /* SKTextureAtlas+FrameUploader.swift */ = {isa = PBXFileReference; lastKnownFileType = sourcecode.swift; path = "SKTextureAtlas+FrameUploader.swift"; sourceTree = "<group>"; };
		A9D4CFDA209AFA06006461AF /* GameSceneProtocol.swift */ = {isa = PBXFileReference; lastKnownFileType = sourcecode.swift; path = GameSceneProtocol.swift; sourceTree = "<group>"; };
		A9D4CFDC209B3A4F006461AF /* PipeNode.swift */ = {isa = PBXFileReference; lastKnownFileType = sourcecode.swift; path = PipeNode.swift; sourceTree = "<group>"; };
		A9D4CFDF209B4040006461AF /* PipeFactory.swift */ = {isa = PBXFileReference; lastKnownFileType = sourcecode.swift; path = PipeFactory.swift; sourceTree = "<group>"; };
		A9EC755D20A6CB03007C42EC /* SettingsScene.sks */ = {isa = PBXFileReference; lastKnownFileType = file.sks; path = SettingsScene.sks; sourceTree = "<group>"; };
		A9EC755F20A6D0F1007C42EC /* ScoreScene.sks */ = {isa = PBXFileReference; lastKnownFileType = file.sks; path = ScoreScene.sks; sourceTree = "<group>"; };
		A9EC756320A6D3E9007C42EC /* SettingsScene.swift */ = {isa = PBXFileReference; lastKnownFileType = sourcecode.swift; path = SettingsScene.swift; sourceTree = "<group>"; };
		A9EC756520A6D829007C42EC /* ScoresScene.swift */ = {isa = PBXFileReference; lastKnownFileType = sourcecode.swift; path = ScoresScene.swift; sourceTree = "<group>"; };
		A9EC756720A6E479007C42EC /* RoutingUtilityScene.swift */ = {isa = PBXFileReference; lastKnownFileType = sourcecode.swift; path = RoutingUtilityScene.swift; sourceTree = "<group>"; };
/* End PBXFileReference section */

/* Begin PBXFrameworksBuildPhase section */
		A9ACB9162099A1F200966991 /* Frameworks */ = {
			isa = PBXFrameworksBuildPhase;
			buildActionMask = 2147483647;
			files = (
			);
			runOnlyForDeploymentPostprocessing = 0;
		};
		A9ACB9302099A1F300966991 /* Frameworks */ = {
			isa = PBXFrameworksBuildPhase;
			buildActionMask = 2147483647;
			files = (
			);
			runOnlyForDeploymentPostprocessing = 0;
		};
/* End PBXFrameworksBuildPhase section */

/* Begin PBXGroup section */
		A92E72DC209D80FA0015F647 /* Game States */ = {
			isa = PBXGroup;
			children = (
				A92E72E1209D815B0015F647 /* PlayingState.swift */,
				A92E72E3209D81820015F647 /* GameOverState.swift */,
				A92E72E5209D818B0015F647 /* PausedState.swift */,
			);
			path = "Game States";
			sourceTree = "<group>";
		};
		A992D8B720A0A54F003A9998 /* Sound */ = {
			isa = PBXGroup;
			children = (
				A9CA8F6C209C9130004CB9D4 /* Coin.wav */,
				A9CA8F73209C954E004CB9D4 /* Hit_Hurt.wav */,
			);
			path = Sound;
			sourceTree = "<group>";
		};
		A9ACB9102099A1F200966991 = {
			isa = PBXGroup;
			children = (
				A9ACB9962099F19E00966991 /* .gitignore */,
				A9ACB91B2099A1F200966991 /* ios-spritekit-flappy-flying-bird */,
				A9ACB9362099A1F300966991 /* ios-spritekit-flappy-flying-birdTests */,
				A9ACB91A2099A1F200966991 /* Products */,
			);
			sourceTree = "<group>";
		};
		A9ACB91A2099A1F200966991 /* Products */ = {
			isa = PBXGroup;
			children = (
				A9ACB9192099A1F200966991 /* ios-spritekit-flappy-flying-bird.app */,
				A9ACB9332099A1F300966991 /* ios-spritekit-flappy-flying-birdTests.xctest */,
			);
			name = Products;
			sourceTree = "<group>";
		};
		A9ACB91B2099A1F200966991 /* ios-spritekit-flappy-flying-bird */ = {
			isa = PBXGroup;
			children = (
				A9ACB91C2099A1F200966991 /* AppDelegate.swift */,
				A9ACB92E2099A1F300966991 /* Info.plist */,
				A9ACB9932099F16800966991 /* Storyboards */,
				A9ACB9922099F15E00966991 /* View Controllers */,
				A9ACB99D209A0F3D00966991 /* Adapeters */,
				A9D4CFDE209B402A006461AF /* Factories */,
				A9ACB99A209A0DD100966991 /* Extensions */,
				A9CC5C3520A0215C00040E61 /* Control */,
				A92E72DC209D80FA0015F647 /* Game States */,
				A9ACB9902099F13700966991 /* Scenes */,
				A9ACB98F2099F12000966991 /* Assets */,
				A9ACB98E2099F11900966991 /* Utils */,
				A9ACB9892099F0C100966991 /* Protocols */,
				A9ACB9882099F0B600966991 /* Nodes */,
			);
			path = "ios-spritekit-flappy-flying-bird";
			sourceTree = "<group>";
		};
		A9ACB9362099A1F300966991 /* ios-spritekit-flappy-flying-birdTests */ = {
			isa = PBXGroup;
			children = (
				A9ACB9372099A1F300966991 /* ios_spritekit_flappy_flying_birdTests.swift */,
				A9ACB9392099A1F300966991 /* Info.plist */,
			);
			path = "ios-spritekit-flappy-flying-birdTests";
			sourceTree = "<group>";
		};
		A9ACB9442099A47800966991 /* Fonts */ = {
			isa = PBXGroup;
			children = (
				A92E72EB209D84AE0015F647 /* Pixel Digivolve.otf */,
			);
			path = Fonts;
			sourceTree = "<group>";
		};
		A9ACB95B2099B14A00966991 /* Sound */ = {
			isa = PBXGroup;
			children = (
				A9CA8F6B209C9129004CB9D4 /* Game */,
				A9ACB95C2099B15000966991 /* UI */,
			);
			path = Sound;
			sourceTree = "<group>";
		};
		A9ACB95C2099B15000966991 /* UI */ = {
			isa = PBXGroup;
			children = (
				A9ACB96E2099B7AF00966991 /* click1.mp3 */,
				A9ACB9702099B7AF00966991 /* click2.mp3 */,
				A9ACB96D2099B7AE00966991 /* rollover1.mp3 */,
				A9ACB9722099B7AF00966991 /* rollover2.mp3 */,
				A9ACB9712099B7AF00966991 /* switch2.mp3 */,
				A9ACB96F2099B7AF00966991 /* switch3.mp3 */,
				A9B14F1A20A5796E005221BA /* clock-final-tick.mp3 */,
				A9B14F1920A5796E005221BA /* clock-tick.mp3 */,
			);
			path = UI;
			sourceTree = "<group>";
		};
		A9ACB96C2099B46E00966991 /* Actions */ = {
			isa = PBXGroup;
			children = (
				A9ACB96A2099B42300966991 /* Actions.sks */,
			);
			path = Actions;
			sourceTree = "<group>";
		};
		A9ACB9882099F0B600966991 /* Nodes */ = {
			isa = PBXGroup;
			children = (
				A9ACB97D2099C8C400966991 /* InfiniteSpriteScrollNode.swift */,
				A92E72ED209D87570015F647 /* ButtonNode.swift */,
				A9ACB9862099E74600966991 /* BirdNode.swift */,
				A9D4CFDC209B3A4F006461AF /* PipeNode.swift */,
			);
			path = Nodes;
			sourceTree = "<group>";
		};
		A9ACB9892099F0C100966991 /* Protocols */ = {
			isa = PBXGroup;
			children = (
				A9ACB98A2099F0D300966991 /* Updatable.swift */,
				A9ACB98C2099F0FC00966991 /* Touchable.swift */,
				A9D4CFDA209AFA06006461AF /* GameSceneProtocol.swift */,
			);
			path = Protocols;
			sourceTree = "<group>";
		};
		A9ACB98E2099F11900966991 /* Utils */ = {
			isa = PBXGroup;
			children = (
				A9ACB9982099F1D200966991 /* PhysicsCategories.swift */,
			);
			path = Utils;
			sourceTree = "<group>";
		};
		A9ACB98F2099F12000966991 /* Assets */ = {
			isa = PBXGroup;
			children = (
				A9ACB96C2099B46E00966991 /* Actions */,
				A9CC5C3E20A0361700040E61 /* Scenes */,
				A9ACB9292099A1F300966991 /* Assets.xcassets */,
				A9ACB9442099A47800966991 /* Fonts */,
				A9ACB95B2099B14A00966991 /* Sound */,
			);
			path = Assets;
			sourceTree = "<group>";
		};
		A9ACB9902099F13700966991 /* Scenes */ = {
			isa = PBXGroup;
			children = (
				A9B9C728209EE31C0045548D /* TitleScene.swift */,
				A9ACB9222099A1F200966991 /* GameScene.swift */,
				A9EC756320A6D3E9007C42EC /* SettingsScene.swift */,
				A9EC756520A6D829007C42EC /* ScoresScene.swift */,
				A992D8B520A03B90003A9998 /* SceneOverlay.swift */,
				A9EC756720A6E479007C42EC /* RoutingUtilityScene.swift */,
			);
			path = Scenes;
			sourceTree = "<group>";
		};
		A9ACB9922099F15E00966991 /* View Controllers */ = {
			isa = PBXGroup;
			children = (
				A9ACB9242099A1F200966991 /* GameViewController.swift */,
			);
			path = "View Controllers";
			sourceTree = "<group>";
		};
		A9ACB9932099F16800966991 /* Storyboards */ = {
			isa = PBXGroup;
			children = (
				A9ACB9262099A1F200966991 /* Main.storyboard */,
				A9ACB92B2099A1F300966991 /* LaunchScreen.storyboard */,
			);
			path = Storyboards;
			sourceTree = "<group>";
		};
		A9ACB99A209A0DD100966991 /* Extensions */ = {
			isa = PBXGroup;
			children = (
				A9ACB99B209A0DE100966991 /* CGFloat+MathUtils.swift */,
				A9D4CFD6209AF515006461AF /* SKScene+SpriteUploader.swift */,
				A9D4CFD8209AF53E006461AF /* SKTextureAtlas+FrameUploader.swift */,
				A9CC5C30209EFA0600040E61 /* SKTexture+Gradient.swift */,
			);
			path = Extensions;
			sourceTree = "<group>";
		};
		A9ACB99D209A0F3D00966991 /* Adapeters */ = {
			isa = PBXGroup;
			children = (
				A9ACB99E209A0F4D00966991 /* GameSceneAdapter.swift */,
			);
			path = Adapeters;
			sourceTree = "<group>";
		};
		A9B14F1D20A58889005221BA /* Utility Overlay */ = {
			isa = PBXGroup;
			children = (
				A9B14F1720A57575005221BA /* PrePlayScene.sks */,
				A9B14F1E20A588BB005221BA /* TouchToFlyScene.sks */,
			);
			path = "Utility Overlay";
			sourceTree = "<group>";
		};
		A9CA8F6B209C9129004CB9D4 /* Game */ = {
			isa = PBXGroup;
			children = (
				A992D8B720A0A54F003A9998 /* Sound */,
				A9CA8F70209C953A004CB9D4 /* Music */,
			);
			path = Game;
			sourceTree = "<group>";
		};
		A9CA8F70209C953A004CB9D4 /* Music */ = {
			isa = PBXGroup;
			children = (
				A9CA8F6E209C9233004CB9D4 /* POL-flight-master-short.wav */,
				A9CA8F71209C9549004CB9D4 /* POL-catch-them-all-short.wav */,
			);
			path = Music;
			sourceTree = "<group>";
		};
		A9CC5C3520A0215C00040E61 /* Control */ = {
			isa = PBXGroup;
			children = (
				A9CC5C3620A0216500040E61 /* ControlInputDirection.swift */,
			);
			path = Control;
			sourceTree = "<group>";
		};
		A9CC5C3E20A0361700040E61 /* Scenes */ = {
			isa = PBXGroup;
			children = (
				A9EC756220A6D10F007C42EC /* Main Scenes */,
				A9EC756120A6D101007C42EC /* Game Overlay */,
				A9B14F1D20A58889005221BA /* Utility Overlay */,
			);
			path = Scenes;
			sourceTree = "<group>";
		};
		A9D4CFDE209B402A006461AF /* Factories */ = {
			isa = PBXGroup;
			children = (
				A9D4CFDF209B4040006461AF /* PipeFactory.swift */,
			);
			path = Factories;
			sourceTree = "<group>";
		};
		A9EC756120A6D101007C42EC /* Game Overlay */ = {
			isa = PBXGroup;
			children = (
				A9CC5C3920A02D0A00040E61 /* PauseScene.sks */,
				A9CC5C3C20A030A900040E61 /* FailedScene.sks */,
			);
			path = "Game Overlay";
			sourceTree = "<group>";
		};
		A9EC756220A6D10F007C42EC /* Main Scenes */ = {
			isa = PBXGroup;
			children = (
				A9B9C72A209EE3290045548D /* TitleScene.sks */,
				A9ACB91E2099A1F200966991 /* GameScene.sks */,
				A9EC755D20A6CB03007C42EC /* SettingsScene.sks */,
				A9EC755F20A6D0F1007C42EC /* ScoreScene.sks */,
			);
			path = "Main Scenes";
			sourceTree = "<group>";
		};
/* End PBXGroup section */

/* Begin PBXNativeTarget section */
		A9ACB9182099A1F200966991 /* ios-spritekit-flappy-flying-bird */ = {
			isa = PBXNativeTarget;
			buildConfigurationList = A9ACB93C2099A1F300966991 /* Build configuration list for PBXNativeTarget "ios-spritekit-flappy-flying-bird" */;
			buildPhases = (
				A9ACB9152099A1F200966991 /* Sources */,
				A9ACB9162099A1F200966991 /* Frameworks */,
				A9ACB9172099A1F200966991 /* Resources */,
			);
			buildRules = (
			);
			dependencies = (
			);
			name = "ios-spritekit-flappy-flying-bird";
			productName = "ios-spritekit-flappy-flying-bird";
			productReference = A9ACB9192099A1F200966991 /* ios-spritekit-flappy-flying-bird.app */;
			productType = "com.apple.product-type.application";
		};
		A9ACB9322099A1F300966991 /* ios-spritekit-flappy-flying-birdTests */ = {
			isa = PBXNativeTarget;
			buildConfigurationList = A9ACB93F2099A1F300966991 /* Build configuration list for PBXNativeTarget "ios-spritekit-flappy-flying-birdTests" */;
			buildPhases = (
				A9ACB92F2099A1F300966991 /* Sources */,
				A9ACB9302099A1F300966991 /* Frameworks */,
				A9ACB9312099A1F300966991 /* Resources */,
			);
			buildRules = (
			);
			dependencies = (
				A9ACB9352099A1F300966991 /* PBXTargetDependency */,
			);
			name = "ios-spritekit-flappy-flying-birdTests";
			productName = "ios-spritekit-flappy-flying-birdTests";
			productReference = A9ACB9332099A1F300966991 /* ios-spritekit-flappy-flying-birdTests.xctest */;
			productType = "com.apple.product-type.bundle.unit-test";
		};
/* End PBXNativeTarget section */

/* Begin PBXProject section */
		A9ACB9112099A1F200966991 /* Project object */ = {
			isa = PBXProject;
			attributes = {
				LastSwiftUpdateCheck = 0930;
				LastUpgradeCheck = 0930;
				ORGANIZATIONNAME = "Astemir Eleev";
				TargetAttributes = {
					A9ACB9182099A1F200966991 = {
						CreatedOnToolsVersion = 9.3;
					};
					A9ACB9322099A1F300966991 = {
						CreatedOnToolsVersion = 9.3;
						TestTargetID = A9ACB9182099A1F200966991;
					};
				};
			};
			buildConfigurationList = A9ACB9142099A1F200966991 /* Build configuration list for PBXProject "ios-spritekit-flappy-flying-bird" */;
			compatibilityVersion = "Xcode 9.3";
			developmentRegion = en;
			hasScannedForEncodings = 0;
			knownRegions = (
				en,
				Base,
			);
			mainGroup = A9ACB9102099A1F200966991;
			productRefGroup = A9ACB91A2099A1F200966991 /* Products */;
			projectDirPath = "";
			projectRoot = "";
			targets = (
				A9ACB9182099A1F200966991 /* ios-spritekit-flappy-flying-bird */,
				A9ACB9322099A1F300966991 /* ios-spritekit-flappy-flying-birdTests */,
			);
		};
/* End PBXProject section */

/* Begin PBXResourcesBuildPhase section */
		A9ACB9172099A1F200966991 /* Resources */ = {
			isa = PBXResourcesBuildPhase;
			buildActionMask = 2147483647;
			files = (
				A9CA8F6D209C9130004CB9D4 /* Coin.wav in Resources */,
				A9ACB96B2099B42300966991 /* Actions.sks in Resources */,
				A9ACB9732099B7AF00966991 /* rollover1.mp3 in Resources */,
				A9ACB9282099A1F200966991 /* Main.storyboard in Resources */,
				A9ACB9972099F19E00966991 /* .gitignore in Resources */,
				A9ACB9752099B7AF00966991 /* switch3.mp3 in Resources */,
				A9EC755E20A6CB03007C42EC /* SettingsScene.sks in Resources */,
				A9ACB9782099B7AF00966991 /* rollover2.mp3 in Resources */,
				A9ACB9742099B7AF00966991 /* click1.mp3 in Resources */,
				A9ACB91F2099A1F200966991 /* GameScene.sks in Resources */,
				A9CA8F74209C954E004CB9D4 /* Hit_Hurt.wav in Resources */,
				A9ACB92A2099A1F300966991 /* Assets.xcassets in Resources */,
				A9ACB9772099B7AF00966991 /* switch2.mp3 in Resources */,
				A9CC5C3A20A02D0A00040E61 /* PauseScene.sks in Resources */,
				A9B9C72B209EE3290045548D /* TitleScene.sks in Resources */,
				A9B14F1820A57575005221BA /* PrePlayScene.sks in Resources */,
				A9ACB92D2099A1F300966991 /* LaunchScreen.storyboard in Resources */,
				A9B14F1C20A5796E005221BA /* clock-final-tick.mp3 in Resources */,
				A9CA8F72209C9549004CB9D4 /* POL-catch-them-all-short.wav in Resources */,
				A9EC756020A6D0F1007C42EC /* ScoreScene.sks in Resources */,
				A92E72EC209D84AE0015F647 /* Pixel Digivolve.otf in Resources */,
				A9B14F1B20A5796E005221BA /* clock-tick.mp3 in Resources */,
				A9ACB9762099B7AF00966991 /* click2.mp3 in Resources */,
				A9CA8F6F209C9233004CB9D4 /* POL-flight-master-short.wav in Resources */,
				A9B14F1F20A588BB005221BA /* TouchToFlyScene.sks in Resources */,
				A9CC5C3D20A030A900040E61 /* FailedScene.sks in Resources */,
			);
			runOnlyForDeploymentPostprocessing = 0;
		};
		A9ACB9312099A1F300966991 /* Resources */ = {
			isa = PBXResourcesBuildPhase;
			buildActionMask = 2147483647;
			files = (
			);
			runOnlyForDeploymentPostprocessing = 0;
		};
/* End PBXResourcesBuildPhase section */

/* Begin PBXSourcesBuildPhase section */
		A9ACB9152099A1F200966991 /* Sources */ = {
			isa = PBXSourcesBuildPhase;
			buildActionMask = 2147483647;
			files = (
				A9EC756820A6E479007C42EC /* RoutingUtilityScene.swift in Sources */,
				A9D4CFD7209AF515006461AF /* SKScene+SpriteUploader.swift in Sources */,
				A92E72EE209D87570015F647 /* ButtonNode.swift in Sources */,
				A992D8B620A03B90003A9998 /* SceneOverlay.swift in Sources */,
				A9ACB9232099A1F200966991 /* GameScene.swift in Sources */,
				A9ACB98D2099F0FC00966991 /* Touchable.swift in Sources */,
				A9D4CFDD209B3A50006461AF /* PipeNode.swift in Sources */,
				A9CC5C3720A0216500040E61 /* ControlInputDirection.swift in Sources */,
				A9D4CFDB209AFA06006461AF /* GameSceneProtocol.swift in Sources */,
				A9ACB98B2099F0D300966991 /* Updatable.swift in Sources */,
				A92E72E6209D818B0015F647 /* PausedState.swift in Sources */,
				A9ACB9252099A1F200966991 /* GameViewController.swift in Sources */,
				A9ACB9872099E74600966991 /* BirdNode.swift in Sources */,
				A9D4CFD9209AF53E006461AF /* SKTextureAtlas+FrameUploader.swift in Sources */,
				A9ACB97E2099C8C400966991 /* InfiniteSpriteScrollNode.swift in Sources */,
				A9ACB99F209A0F4D00966991 /* GameSceneAdapter.swift in Sources */,
				A92E72E4209D81820015F647 /* GameOverState.swift in Sources */,
				A9ACB99C209A0DE100966991 /* CGFloat+MathUtils.swift in Sources */,
				A9ACB9992099F1D200966991 /* PhysicsCategories.swift in Sources */,
				A9ACB91D2099A1F200966991 /* AppDelegate.swift in Sources */,
				A92E72E2209D815B0015F647 /* PlayingState.swift in Sources */,
				A9CC5C31209EFA0600040E61 /* SKTexture+Gradient.swift in Sources */,
				A9EC756420A6D3E9007C42EC /* SettingsScene.swift in Sources */,
				A9D4CFE0209B4040006461AF /* PipeFactory.swift in Sources */,
				A9B9C729209EE31C0045548D /* TitleScene.swift in Sources */,
				A9EC756620A6D829007C42EC /* ScoresScene.swift in Sources */,
			);
			runOnlyForDeploymentPostprocessing = 0;
		};
		A9ACB92F2099A1F300966991 /* Sources */ = {
			isa = PBXSourcesBuildPhase;
			buildActionMask = 2147483647;
			files = (
				A9ACB9382099A1F300966991 /* ios_spritekit_flappy_flying_birdTests.swift in Sources */,
			);
			runOnlyForDeploymentPostprocessing = 0;
		};
/* End PBXSourcesBuildPhase section */

/* Begin PBXTargetDependency section */
		A9ACB9352099A1F300966991 /* PBXTargetDependency */ = {
			isa = PBXTargetDependency;
			target = A9ACB9182099A1F200966991 /* ios-spritekit-flappy-flying-bird */;
			targetProxy = A9ACB9342099A1F300966991 /* PBXContainerItemProxy */;
		};
/* End PBXTargetDependency section */

/* Begin PBXVariantGroup section */
		A9ACB9262099A1F200966991 /* Main.storyboard */ = {
			isa = PBXVariantGroup;
			children = (
				A9ACB9272099A1F200966991 /* Base */,
			);
			name = Main.storyboard;
			sourceTree = "<group>";
		};
		A9ACB92B2099A1F300966991 /* LaunchScreen.storyboard */ = {
			isa = PBXVariantGroup;
			children = (
				A9ACB92C2099A1F300966991 /* Base */,
			);
			name = LaunchScreen.storyboard;
			sourceTree = "<group>";
		};
/* End PBXVariantGroup section */

/* Begin XCBuildConfiguration section */
		A9ACB93A2099A1F300966991 /* Debug */ = {
			isa = XCBuildConfiguration;
			buildSettings = {
				ALWAYS_SEARCH_USER_PATHS = NO;
				CLANG_ANALYZER_NONNULL = YES;
				CLANG_ANALYZER_NUMBER_OBJECT_CONVERSION = YES_AGGRESSIVE;
				CLANG_CXX_LANGUAGE_STANDARD = "gnu++14";
				CLANG_CXX_LIBRARY = "libc++";
				CLANG_ENABLE_MODULES = YES;
				CLANG_ENABLE_OBJC_ARC = YES;
				CLANG_ENABLE_OBJC_WEAK = YES;
				CLANG_WARN_BLOCK_CAPTURE_AUTORELEASING = YES;
				CLANG_WARN_BOOL_CONVERSION = YES;
				CLANG_WARN_COMMA = YES;
				CLANG_WARN_CONSTANT_CONVERSION = YES;
				CLANG_WARN_DEPRECATED_OBJC_IMPLEMENTATIONS = YES;
				CLANG_WARN_DIRECT_OBJC_ISA_USAGE = YES_ERROR;
				CLANG_WARN_DOCUMENTATION_COMMENTS = YES;
				CLANG_WARN_EMPTY_BODY = YES;
				CLANG_WARN_ENUM_CONVERSION = YES;
				CLANG_WARN_INFINITE_RECURSION = YES;
				CLANG_WARN_INT_CONVERSION = YES;
				CLANG_WARN_NON_LITERAL_NULL_CONVERSION = YES;
				CLANG_WARN_OBJC_IMPLICIT_RETAIN_SELF = YES;
				CLANG_WARN_OBJC_LITERAL_CONVERSION = YES;
				CLANG_WARN_OBJC_ROOT_CLASS = YES_ERROR;
				CLANG_WARN_RANGE_LOOP_ANALYSIS = YES;
				CLANG_WARN_STRICT_PROTOTYPES = YES;
				CLANG_WARN_SUSPICIOUS_MOVE = YES;
				CLANG_WARN_UNGUARDED_AVAILABILITY = YES_AGGRESSIVE;
				CLANG_WARN_UNREACHABLE_CODE = YES;
				CLANG_WARN__DUPLICATE_METHOD_MATCH = YES;
				CODE_SIGN_IDENTITY = "iPhone Developer";
				COPY_PHASE_STRIP = NO;
				DEBUG_INFORMATION_FORMAT = dwarf;
				ENABLE_STRICT_OBJC_MSGSEND = YES;
				ENABLE_TESTABILITY = YES;
				GCC_C_LANGUAGE_STANDARD = gnu11;
				GCC_DYNAMIC_NO_PIC = NO;
				GCC_NO_COMMON_BLOCKS = YES;
				GCC_OPTIMIZATION_LEVEL = 0;
				GCC_PREPROCESSOR_DEFINITIONS = (
					"DEBUG=1",
					"$(inherited)",
				);
				GCC_WARN_64_TO_32_BIT_CONVERSION = YES;
				GCC_WARN_ABOUT_RETURN_TYPE = YES_ERROR;
				GCC_WARN_UNDECLARED_SELECTOR = YES;
				GCC_WARN_UNINITIALIZED_AUTOS = YES_AGGRESSIVE;
				GCC_WARN_UNUSED_FUNCTION = YES;
				GCC_WARN_UNUSED_VARIABLE = YES;
				IPHONEOS_DEPLOYMENT_TARGET = 11.3;
				MTL_ENABLE_DEBUG_INFO = YES;
				ONLY_ACTIVE_ARCH = YES;
				SDKROOT = iphoneos;
				SWIFT_ACTIVE_COMPILATION_CONDITIONS = DEBUG;
				SWIFT_OPTIMIZATION_LEVEL = "-Onone";
			};
			name = Debug;
		};
		A9ACB93B2099A1F300966991 /* Release */ = {
			isa = XCBuildConfiguration;
			buildSettings = {
				ALWAYS_SEARCH_USER_PATHS = NO;
				CLANG_ANALYZER_NONNULL = YES;
				CLANG_ANALYZER_NUMBER_OBJECT_CONVERSION = YES_AGGRESSIVE;
				CLANG_CXX_LANGUAGE_STANDARD = "gnu++14";
				CLANG_CXX_LIBRARY = "libc++";
				CLANG_ENABLE_MODULES = YES;
				CLANG_ENABLE_OBJC_ARC = YES;
				CLANG_ENABLE_OBJC_WEAK = YES;
				CLANG_WARN_BLOCK_CAPTURE_AUTORELEASING = YES;
				CLANG_WARN_BOOL_CONVERSION = YES;
				CLANG_WARN_COMMA = YES;
				CLANG_WARN_CONSTANT_CONVERSION = YES;
				CLANG_WARN_DEPRECATED_OBJC_IMPLEMENTATIONS = YES;
				CLANG_WARN_DIRECT_OBJC_ISA_USAGE = YES_ERROR;
				CLANG_WARN_DOCUMENTATION_COMMENTS = YES;
				CLANG_WARN_EMPTY_BODY = YES;
				CLANG_WARN_ENUM_CONVERSION = YES;
				CLANG_WARN_INFINITE_RECURSION = YES;
				CLANG_WARN_INT_CONVERSION = YES;
				CLANG_WARN_NON_LITERAL_NULL_CONVERSION = YES;
				CLANG_WARN_OBJC_IMPLICIT_RETAIN_SELF = YES;
				CLANG_WARN_OBJC_LITERAL_CONVERSION = YES;
				CLANG_WARN_OBJC_ROOT_CLASS = YES_ERROR;
				CLANG_WARN_RANGE_LOOP_ANALYSIS = YES;
				CLANG_WARN_STRICT_PROTOTYPES = YES;
				CLANG_WARN_SUSPICIOUS_MOVE = YES;
				CLANG_WARN_UNGUARDED_AVAILABILITY = YES_AGGRESSIVE;
				CLANG_WARN_UNREACHABLE_CODE = YES;
				CLANG_WARN__DUPLICATE_METHOD_MATCH = YES;
				CODE_SIGN_IDENTITY = "iPhone Developer";
				COPY_PHASE_STRIP = NO;
				DEBUG_INFORMATION_FORMAT = "dwarf-with-dsym";
				ENABLE_NS_ASSERTIONS = NO;
				ENABLE_STRICT_OBJC_MSGSEND = YES;
				GCC_C_LANGUAGE_STANDARD = gnu11;
				GCC_NO_COMMON_BLOCKS = YES;
				GCC_WARN_64_TO_32_BIT_CONVERSION = YES;
				GCC_WARN_ABOUT_RETURN_TYPE = YES_ERROR;
				GCC_WARN_UNDECLARED_SELECTOR = YES;
				GCC_WARN_UNINITIALIZED_AUTOS = YES_AGGRESSIVE;
				GCC_WARN_UNUSED_FUNCTION = YES;
				GCC_WARN_UNUSED_VARIABLE = YES;
				IPHONEOS_DEPLOYMENT_TARGET = 11.3;
				MTL_ENABLE_DEBUG_INFO = NO;
				SDKROOT = iphoneos;
				SWIFT_COMPILATION_MODE = wholemodule;
				SWIFT_OPTIMIZATION_LEVEL = "-O";
				VALIDATE_PRODUCT = YES;
			};
			name = Release;
		};
		A9ACB93D2099A1F300966991 /* Debug */ = {
			isa = XCBuildConfiguration;
			buildSettings = {
				ASSETCATALOG_COMPILER_APPICON_NAME = AppIcon;
				CODE_SIGN_STYLE = Automatic;
				DEVELOPMENT_TEAM = T3K58FE38R;
				INFOPLIST_FILE = "ios-spritekit-flappy-flying-bird/Info.plist";
				LD_RUNPATH_SEARCH_PATHS = (
					"$(inherited)",
					"@executable_path/Frameworks",
				);
				PRODUCT_BUNDLE_IDENTIFIER = "eleev.astemir.io.ios-spritekit-flappy-flying-bird";
				PRODUCT_NAME = "$(TARGET_NAME)";
				SWIFT_VERSION = 4.0;
				TARGETED_DEVICE_FAMILY = "1,2";
			};
			name = Debug;
		};
		A9ACB93E2099A1F300966991 /* Release */ = {
			isa = XCBuildConfiguration;
			buildSettings = {
				ASSETCATALOG_COMPILER_APPICON_NAME = AppIcon;
				CODE_SIGN_STYLE = Automatic;
				DEVELOPMENT_TEAM = T3K58FE38R;
				INFOPLIST_FILE = "ios-spritekit-flappy-flying-bird/Info.plist";
				LD_RUNPATH_SEARCH_PATHS = (
					"$(inherited)",
					"@executable_path/Frameworks",
				);
				PRODUCT_BUNDLE_IDENTIFIER = "eleev.astemir.io.ios-spritekit-flappy-flying-bird";
				PRODUCT_NAME = "$(TARGET_NAME)";
				SWIFT_VERSION = 4.0;
				TARGETED_DEVICE_FAMILY = "1,2";
			};
			name = Release;
		};
		A9ACB9402099A1F300966991 /* Debug */ = {
			isa = XCBuildConfiguration;
			buildSettings = {
				ALWAYS_EMBED_SWIFT_STANDARD_LIBRARIES = YES;
				BUNDLE_LOADER = "$(TEST_HOST)";
				CODE_SIGN_STYLE = Automatic;
				DEVELOPMENT_TEAM = T3K58FE38R;
				INFOPLIST_FILE = "ios-spritekit-flappy-flying-birdTests/Info.plist";
				LD_RUNPATH_SEARCH_PATHS = (
					"$(inherited)",
					"@executable_path/Frameworks",
					"@loader_path/Frameworks",
				);
				PRODUCT_BUNDLE_IDENTIFIER = "eleev.astemir.io.ios-spritekit-flappy-flying-birdTests";
				PRODUCT_NAME = "$(TARGET_NAME)";
				SWIFT_VERSION = 4.0;
				TARGETED_DEVICE_FAMILY = "1,2";
				TEST_HOST = "$(BUILT_PRODUCTS_DIR)/ios-spritekit-flappy-flying-bird.app/ios-spritekit-flappy-flying-bird";
			};
			name = Debug;
		};
		A9ACB9412099A1F300966991 /* Release */ = {
			isa = XCBuildConfiguration;
			buildSettings = {
				ALWAYS_EMBED_SWIFT_STANDARD_LIBRARIES = YES;
				BUNDLE_LOADER = "$(TEST_HOST)";
				CODE_SIGN_STYLE = Automatic;
				DEVELOPMENT_TEAM = T3K58FE38R;
				INFOPLIST_FILE = "ios-spritekit-flappy-flying-birdTests/Info.plist";
				LD_RUNPATH_SEARCH_PATHS = (
					"$(inherited)",
					"@executable_path/Frameworks",
					"@loader_path/Frameworks",
				);
				PRODUCT_BUNDLE_IDENTIFIER = "eleev.astemir.io.ios-spritekit-flappy-flying-birdTests";
				PRODUCT_NAME = "$(TARGET_NAME)";
				SWIFT_VERSION = 4.0;
				TARGETED_DEVICE_FAMILY = "1,2";
				TEST_HOST = "$(BUILT_PRODUCTS_DIR)/ios-spritekit-flappy-flying-bird.app/ios-spritekit-flappy-flying-bird";
			};
			name = Release;
		};
/* End XCBuildConfiguration section */

/* Begin XCConfigurationList section */
		A9ACB9142099A1F200966991 /* Build configuration list for PBXProject "ios-spritekit-flappy-flying-bird" */ = {
			isa = XCConfigurationList;
			buildConfigurations = (
				A9ACB93A2099A1F300966991 /* Debug */,
				A9ACB93B2099A1F300966991 /* Release */,
			);
			defaultConfigurationIsVisible = 0;
			defaultConfigurationName = Release;
		};
		A9ACB93C2099A1F300966991 /* Build configuration list for PBXNativeTarget "ios-spritekit-flappy-flying-bird" */ = {
			isa = XCConfigurationList;
			buildConfigurations = (
				A9ACB93D2099A1F300966991 /* Debug */,
				A9ACB93E2099A1F300966991 /* Release */,
			);
			defaultConfigurationIsVisible = 0;
			defaultConfigurationName = Release;
		};
		A9ACB93F2099A1F300966991 /* Build configuration list for PBXNativeTarget "ios-spritekit-flappy-flying-birdTests" */ = {
			isa = XCConfigurationList;
			buildConfigurations = (
				A9ACB9402099A1F300966991 /* Debug */,
				A9ACB9412099A1F300966991 /* Release */,
			);
			defaultConfigurationIsVisible = 0;
			defaultConfigurationName = Release;
		};
/* End XCConfigurationList section */
	};
	rootObject = A9ACB9112099A1F200966991 /* Project object */;
}
