// !$*UTF8*$!
{
	archiveVersion = 1;
	classes = {
	};
	objectVersion = 50;
	objects = {

/* Begin PBXBuildFile section */
		A90192FB21F1BDF40020C612 /* PhysicsContactable.swift in Sources */ = {isa = PBXBuildFile; fileRef = A90192FA21F1BDF40020C612 /* PhysicsContactable.swift */; };
		A90292E020B1909A0043C9B2 /* NyancatRainbowNode.swift in Sources */ = {isa = PBXBuildFile; fileRef = A90292DF20B1909A0043C9B2 /* NyancatRainbowNode.swift */; };
		A903943420AD94F000376CC3 /* UserDefaults.swift in Sources */ = {isa = PBXBuildFile; fileRef = A903943320AD94F000376CC3 /* UserDefaults.swift */; };
		A903943620AD9D1200376CC3 /* SnowParticleEffect.sks in Resources */ = {isa = PBXBuildFile; fileRef = A903943520AD9D1200376CC3 /* SnowParticleEffect.sks */; };
		A903943A20AD9E7900376CC3 /* RainParticleEffect.sks in Resources */ = {isa = PBXBuildFile; fileRef = A903943820AD9E7900376CC3 /* RainParticleEffect.sks */; };
		A903943B20AD9E7900376CC3 /* Particles.xcassets in Resources */ = {isa = PBXBuildFile; fileRef = A903943920AD9E7900376CC3 /* Particles.xcassets */; };
		A903943F20ADB24000376CC3 /* ToggleButtonNode.swift in Sources */ = {isa = PBXBuildFile; fileRef = A903943E20ADB24000376CC3 /* ToggleButtonNode.swift */; };
		A9092FA5216B35C800D773BC /* TriggleButtonNode.swift in Sources */ = {isa = PBXBuildFile; fileRef = A9092FA4216B35C800D773BC /* TriggleButtonNode.swift */; };
		A92E72E2209D815B0015F647 /* PlayingState.swift in Sources */ = {isa = PBXBuildFile; fileRef = A92E72E1209D815B0015F647 /* PlayingState.swift */; };
		A92E72E4209D81820015F647 /* GameOverState.swift in Sources */ = {isa = PBXBuildFile; fileRef = A92E72E3209D81820015F647 /* GameOverState.swift */; };
		A92E72E6209D818B0015F647 /* PausedState.swift in Sources */ = {isa = PBXBuildFile; fileRef = A92E72E5209D818B0015F647 /* PausedState.swift */; };
		A92E72EC209D84AE0015F647 /* Pixel Digivolve.otf in Resources */ = {isa = PBXBuildFile; fileRef = A92E72EB209D84AE0015F647 /* Pixel Digivolve.otf */; };
		A92E72EE209D87570015F647 /* ButtonNode.swift in Sources */ = {isa = PBXBuildFile; fileRef = A92E72ED209D87570015F647 /* ButtonNode.swift */; };
		A935954420C2773F000FF0FA /* SKScene+ShaderTransition.swift in Sources */ = {isa = PBXBuildFile; fileRef = A935954320C2773F000FF0FA /* SKScene+ShaderTransition.swift */; };
		A935954B20C27B81000FF0FA /* retro_transition_fade_from_centre.fsh in Resources */ = {isa = PBXBuildFile; fileRef = A935954720C27B80000FF0FA /* retro_transition_fade_from_centre.fsh */; };
		A935954C20C27B81000FF0FA /* retro_transition_fade_from_top_left.fsh in Resources */ = {isa = PBXBuildFile; fileRef = A935954820C27B81000FF0FA /* retro_transition_fade_from_top_left.fsh */; };
		A935954D20C27B81000FF0FA /* retro_transition_fade_from_top.fsh in Resources */ = {isa = PBXBuildFile; fileRef = A935954920C27B81000FF0FA /* retro_transition_fade_from_top.fsh */; };
		A935954E20C27B81000FF0FA /* retro_transition_fade_to_centre.fsh in Resources */ = {isa = PBXBuildFile; fileRef = A935954A20C27B81000FF0FA /* retro_transition_fade_to_centre.fsh */; };
		A941362320C4067C007FD610 /* Bool+PipeRandom.swift in Sources */ = {isa = PBXBuildFile; fileRef = A941362220C4067C007FD610 /* Bool+PipeRandom.swift */; };
		A94A97F721A287890087C018 /* InfiniteSpriteScrollNode.swift in Sources */ = {isa = PBXBuildFile; fileRef = A94A97F621A287890087C018 /* InfiniteSpriteScrollNode.swift */; };
		A950485820BADB7A0020ECD9 /* SKSpriteNode+GIF.swift in Sources */ = {isa = PBXBuildFile; fileRef = A950485720BADB7A0020ECD9 /* SKSpriteNode+GIF.swift */; };
		A950485A20BAE2170020ECD9 /* animated-nyan-hip.gif in Resources */ = {isa = PBXBuildFile; fileRef = A950485920BAE2170020ECD9 /* animated-nyan-hip.gif */; };
		A950486120BAE29C0020ECD9 /* animated-gamecat-nyan.gif in Resources */ = {isa = PBXBuildFile; fileRef = A950485C20BAE29C0020ECD9 /* animated-gamecat-nyan.gif */; };
		A950486220BAE29C0020ECD9 /* animated-nyan-squirrel.gif in Resources */ = {isa = PBXBuildFile; fileRef = A950485D20BAE29C0020ECD9 /* animated-nyan-squirrel.gif */; };
		A950486320BAE29C0020ECD9 /* animated-nyancoin.gif in Resources */ = {isa = PBXBuildFile; fileRef = A950485E20BAE29C0020ECD9 /* animated-nyancoin.gif */; };
		A950486420BAE29C0020ECD9 /* animated-jazz-nyan.gif in Resources */ = {isa = PBXBuildFile; fileRef = A950485F20BAE29C0020ECD9 /* animated-jazz-nyan.gif */; };
		A950486520BAE29C0020ECD9 /* animated-lifealope-nyan.gif in Resources */ = {isa = PBXBuildFile; fileRef = A950486020BAE29C0020ECD9 /* animated-lifealope-nyan.gif */; };
		A992D8B620A03B90003A9998 /* SceneOverlay.swift in Sources */ = {isa = PBXBuildFile; fileRef = A992D8B520A03B90003A9998 /* SceneOverlay.swift */; };
		A9A3139920B0006400B36175 /* TitleScene iPad.sks in Resources */ = {isa = PBXBuildFile; fileRef = A9A3139820B0006400B36175 /* TitleScene iPad.sks */; };
		A9A3139D20B0226D00B36175 /* SettingsScene iPad.sks in Resources */ = {isa = PBXBuildFile; fileRef = A9A3139C20B0226D00B36175 /* SettingsScene iPad.sks */; };
		A9A3139F20B022B100B36175 /* ScoreScene iPad.sks in Resources */ = {isa = PBXBuildFile; fileRef = A9A3139E20B022B100B36175 /* ScoreScene iPad.sks */; };
		A9A313A120B0239100B36175 /* GameScene iPad.sks in Resources */ = {isa = PBXBuildFile; fileRef = A9A313A020B0239100B36175 /* GameScene iPad.sks */; };
		A9A313A320B0263C00B36175 /* PauseScene iPad.sks in Resources */ = {isa = PBXBuildFile; fileRef = A9A313A220B0263C00B36175 /* PauseScene iPad.sks */; };
		A9A313A520B026E000B36175 /* FailedScene iPad.sks in Resources */ = {isa = PBXBuildFile; fileRef = A9A313A420B026E000B36175 /* FailedScene iPad.sks */; };
		A9ACB91D2099A1F200966991 /* AppDelegate.swift in Sources */ = {isa = PBXBuildFile; fileRef = A9ACB91C2099A1F200966991 /* AppDelegate.swift */; };
		A9ACB91F2099A1F200966991 /* GameScene.sks in Resources */ = {isa = PBXBuildFile; fileRef = A9ACB91E2099A1F200966991 /* GameScene.sks */; };
		A9ACB9232099A1F200966991 /* GameScene.swift in Sources */ = {isa = PBXBuildFile; fileRef = A9ACB9222099A1F200966991 /* GameScene.swift */; };
		A9ACB9252099A1F200966991 /* GameViewController.swift in Sources */ = {isa = PBXBuildFile; fileRef = A9ACB9242099A1F200966991 /* GameViewController.swift */; };
		A9ACB9282099A1F200966991 /* Main.storyboard in Resources */ = {isa = PBXBuildFile; fileRef = A9ACB9262099A1F200966991 /* Main.storyboard */; };
		A9ACB92A2099A1F300966991 /* Assets.xcassets in Resources */ = {isa = PBXBuildFile; fileRef = A9ACB9292099A1F300966991 /* Assets.xcassets */; };
		A9ACB92D2099A1F300966991 /* LaunchScreen.storyboard in Resources */ = {isa = PBXBuildFile; fileRef = A9ACB92B2099A1F300966991 /* LaunchScreen.storyboard */; };
		A9ACB96B2099B42300966991 /* Actions.sks in Resources */ = {isa = PBXBuildFile; fileRef = A9ACB96A2099B42300966991 /* Actions.sks */; };
		A9ACB9732099B7AF00966991 /* rollover1.mp3 in Resources */ = {isa = PBXBuildFile; fileRef = A9ACB96D2099B7AE00966991 /* rollover1.mp3 */; };
		A9ACB9742099B7AF00966991 /* click1.mp3 in Resources */ = {isa = PBXBuildFile; fileRef = A9ACB96E2099B7AF00966991 /* click1.mp3 */; };
		A9ACB9752099B7AF00966991 /* switch3.mp3 in Resources */ = {isa = PBXBuildFile; fileRef = A9ACB96F2099B7AF00966991 /* switch3.mp3 */; };
		A9ACB9762099B7AF00966991 /* click2.mp3 in Resources */ = {isa = PBXBuildFile; fileRef = A9ACB9702099B7AF00966991 /* click2.mp3 */; };
		A9ACB9772099B7AF00966991 /* switch2.mp3 in Resources */ = {isa = PBXBuildFile; fileRef = A9ACB9712099B7AF00966991 /* switch2.mp3 */; };
		A9ACB9782099B7AF00966991 /* rollover2.mp3 in Resources */ = {isa = PBXBuildFile; fileRef = A9ACB9722099B7AF00966991 /* rollover2.mp3 */; };
		A9ACB9872099E74600966991 /* BirdNode.swift in Sources */ = {isa = PBXBuildFile; fileRef = A9ACB9862099E74600966991 /* BirdNode.swift */; };
		A9ACB98B2099F0D300966991 /* Updatable.swift in Sources */ = {isa = PBXBuildFile; fileRef = A9ACB98A2099F0D300966991 /* Updatable.swift */; };
		A9ACB98D2099F0FC00966991 /* Touchable.swift in Sources */ = {isa = PBXBuildFile; fileRef = A9ACB98C2099F0FC00966991 /* Touchable.swift */; };
		A9ACB9972099F19E00966991 /* .gitignore in Resources */ = {isa = PBXBuildFile; fileRef = A9ACB9962099F19E00966991 /* .gitignore */; };
		A9ACB9992099F1D200966991 /* PhysicsCategories.swift in Sources */ = {isa = PBXBuildFile; fileRef = A9ACB9982099F1D200966991 /* PhysicsCategories.swift */; };
		A9ACB99C209A0DE100966991 /* CGFloat+MathUtils.swift in Sources */ = {isa = PBXBuildFile; fileRef = A9ACB99B209A0DE100966991 /* CGFloat+MathUtils.swift */; };
		A9ACB99F209A0F4D00966991 /* GameSceneAdapter.swift in Sources */ = {isa = PBXBuildFile; fileRef = A9ACB99E209A0F4D00966991 /* GameSceneAdapter.swift */; };
		A9B14F1820A57575005221BA /* PrePlayScene.sks in Resources */ = {isa = PBXBuildFile; fileRef = A9B14F1720A57575005221BA /* PrePlayScene.sks */; };
		A9B14F1B20A5796E005221BA /* clock-tick.mp3 in Resources */ = {isa = PBXBuildFile; fileRef = A9B14F1920A5796E005221BA /* clock-tick.mp3 */; };
		A9B14F1C20A5796E005221BA /* clock-final-tick.mp3 in Resources */ = {isa = PBXBuildFile; fileRef = A9B14F1A20A5796E005221BA /* clock-final-tick.mp3 */; };
		A9B14F1F20A588BB005221BA /* TouchToFlyScene.sks in Resources */ = {isa = PBXBuildFile; fileRef = A9B14F1E20A588BB005221BA /* TouchToFlyScene.sks */; };
		A9B9C729209EE31C0045548D /* TitleScene.swift in Sources */ = {isa = PBXBuildFile; fileRef = A9B9C728209EE31C0045548D /* TitleScene.swift */; };
		A9B9C72B209EE3290045548D /* TitleScene.sks in Resources */ = {isa = PBXBuildFile; fileRef = A9B9C72A209EE3290045548D /* TitleScene.sks */; };
		A9B9F83620B449EC00FC0BDA /* Playable.swift in Sources */ = {isa = PBXBuildFile; fileRef = A9B9F83520B449EC00FC0BDA /* Playable.swift */; };
		A9CA8F6D209C9130004CB9D4 /* Coin.wav in Resources */ = {isa = PBXBuildFile; fileRef = A9CA8F6C209C9130004CB9D4 /* Coin.wav */; };
		A9CA8F6F209C9233004CB9D4 /* POL-flight-master-short.wav in Resources */ = {isa = PBXBuildFile; fileRef = A9CA8F6E209C9233004CB9D4 /* POL-flight-master-short.wav */; };
		A9CA8F72209C9549004CB9D4 /* POL-catch-them-all-short.wav in Resources */ = {isa = PBXBuildFile; fileRef = A9CA8F71209C9549004CB9D4 /* POL-catch-them-all-short.wav */; };
		A9CA8F74209C954E004CB9D4 /* Hit_Hurt.wav in Resources */ = {isa = PBXBuildFile; fileRef = A9CA8F73209C954E004CB9D4 /* Hit_Hurt.wav */; };
		A9CC5C31209EFA0600040E61 /* SKTexture+Gradient.swift in Sources */ = {isa = PBXBuildFile; fileRef = A9CC5C30209EFA0600040E61 /* SKTexture+Gradient.swift */; };
		A9CC5C3720A0216500040E61 /* ControlInputDirection.swift in Sources */ = {isa = PBXBuildFile; fileRef = A9CC5C3620A0216500040E61 /* ControlInputDirection.swift */; };
		A9CC5C3A20A02D0A00040E61 /* PauseScene.sks in Resources */ = {isa = PBXBuildFile; fileRef = A9CC5C3920A02D0A00040E61 /* PauseScene.sks */; };
		A9CC5C3D20A030A900040E61 /* FailedScene.sks in Resources */ = {isa = PBXBuildFile; fileRef = A9CC5C3C20A030A900040E61 /* FailedScene.sks */; };
		A9CCA26E20BBD5B5005795BD /* NyancatNode.swift in Sources */ = {isa = PBXBuildFile; fileRef = A9CCA26D20BBD5B5005795BD /* NyancatNode.swift */; };
		A9D0897920B97CA800BE2896 /* CharactersScene.swift in Sources */ = {isa = PBXBuildFile; fileRef = A9D0897820B97CA800BE2896 /* CharactersScene.swift */; };
		A9D4CFD7209AF515006461AF /* SKScene+SpriteUploader.swift in Sources */ = {isa = PBXBuildFile; fileRef = A9D4CFD6209AF515006461AF /* SKScene+SpriteUploader.swift */; };
		A9D4CFD9209AF53E006461AF /* SKTextureAtlas+FrameUploader.swift in Sources */ = {isa = PBXBuildFile; fileRef = A9D4CFD8209AF53E006461AF /* SKTextureAtlas+FrameUploader.swift */; };
		A9D4CFDB209AFA06006461AF /* GameSceneProtocol.swift in Sources */ = {isa = PBXBuildFile; fileRef = A9D4CFDA209AFA06006461AF /* GameSceneProtocol.swift */; };
		A9D4CFDD209B3A50006461AF /* PipeNode.swift in Sources */ = {isa = PBXBuildFile; fileRef = A9D4CFDC209B3A4F006461AF /* PipeNode.swift */; };
		A9D4CFE0209B4040006461AF /* PipeFactory.swift in Sources */ = {isa = PBXBuildFile; fileRef = A9D4CFDF209B4040006461AF /* PipeFactory.swift */; };
		A9E14DAF20B1764B0075D725 /* SKEmitterNode+Utils.swift in Sources */ = {isa = PBXBuildFile; fileRef = A9E14DAE20B1764B0075D725 /* SKEmitterNode+Utils.swift */; };
		A9EBCCAA20B9785400BB08A3 /* CharactersScene iPad.sks in Resources */ = {isa = PBXBuildFile; fileRef = A9EBCCA820B9785400BB08A3 /* CharactersScene iPad.sks */; };
		A9EBCCAB20B9785400BB08A3 /* CharactersScene.sks in Resources */ = {isa = PBXBuildFile; fileRef = A9EBCCA920B9785400BB08A3 /* CharactersScene.sks */; };
		A9EC755E20A6CB03007C42EC /* SettingsScene.sks in Resources */ = {isa = PBXBuildFile; fileRef = A9EC755D20A6CB03007C42EC /* SettingsScene.sks */; };
		A9EC756020A6D0F1007C42EC /* ScoreScene.sks in Resources */ = {isa = PBXBuildFile; fileRef = A9EC755F20A6D0F1007C42EC /* ScoreScene.sks */; };
		A9EC756420A6D3E9007C42EC /* SettingsScene.swift in Sources */ = {isa = PBXBuildFile; fileRef = A9EC756320A6D3E9007C42EC /* SettingsScene.swift */; };
		A9EC756620A6D829007C42EC /* ScoresScene.swift in Sources */ = {isa = PBXBuildFile; fileRef = A9EC756520A6D829007C42EC /* ScoresScene.swift */; };
		A9EC756820A6E479007C42EC /* RoutingUtilityScene.swift in Sources */ = {isa = PBXBuildFile; fileRef = A9EC756720A6E479007C42EC /* RoutingUtilityScene.swift */; };
/* End PBXBuildFile section */

/* Begin PBXFileReference section */
		A90192FA21F1BDF40020C612 /* PhysicsContactable.swift */ = {isa = PBXFileReference; lastKnownFileType = sourcecode.swift; path = PhysicsContactable.swift; sourceTree = "<group>"; };
		A90292DF20B1909A0043C9B2 /* NyancatRainbowNode.swift */ = {isa = PBXFileReference; lastKnownFileType = sourcecode.swift; path = NyancatRainbowNode.swift; sourceTree = "<group>"; };
		A903943320AD94F000376CC3 /* UserDefaults.swift */ = {isa = PBXFileReference; lastKnownFileType = sourcecode.swift; path = UserDefaults.swift; sourceTree = "<group>"; };
		A903943520AD9D1200376CC3 /* SnowParticleEffect.sks */ = {isa = PBXFileReference; lastKnownFileType = file.sks; path = SnowParticleEffect.sks; sourceTree = "<group>"; };
		A903943820AD9E7900376CC3 /* RainParticleEffect.sks */ = {isa = PBXFileReference; lastKnownFileType = file.sks; path = RainParticleEffect.sks; sourceTree = "<group>"; };
		A903943920AD9E7900376CC3 /* Particles.xcassets */ = {isa = PBXFileReference; lastKnownFileType = folder.assetcatalog; path = Particles.xcassets; sourceTree = "<group>"; };
		A903943E20ADB24000376CC3 /* ToggleButtonNode.swift */ = {isa = PBXFileReference; lastKnownFileType = sourcecode.swift; path = ToggleButtonNode.swift; sourceTree = "<group>"; };
		A9092FA4216B35C800D773BC /* TriggleButtonNode.swift */ = {isa = PBXFileReference; lastKnownFileType = sourcecode.swift; path = TriggleButtonNode.swift; sourceTree = "<group>"; };
		A92E72E1209D815B0015F647 /* PlayingState.swift */ = {isa = PBXFileReference; lastKnownFileType = sourcecode.swift; path = PlayingState.swift; sourceTree = "<group>"; };
		A92E72E3209D81820015F647 /* GameOverState.swift */ = {isa = PBXFileReference; lastKnownFileType = sourcecode.swift; path = GameOverState.swift; sourceTree = "<group>"; };
		A92E72E5209D818B0015F647 /* PausedState.swift */ = {isa = PBXFileReference; lastKnownFileType = sourcecode.swift; path = PausedState.swift; sourceTree = "<group>"; };
		A92E72EB209D84AE0015F647 /* Pixel Digivolve.otf */ = {isa = PBXFileReference; lastKnownFileType = file; path = "Pixel Digivolve.otf"; sourceTree = "<group>"; };
		A92E72ED209D87570015F647 /* ButtonNode.swift */ = {isa = PBXFileReference; lastKnownFileType = sourcecode.swift; path = ButtonNode.swift; sourceTree = "<group>"; };
		A935954320C2773F000FF0FA /* SKScene+ShaderTransition.swift */ = {isa = PBXFileReference; lastKnownFileType = sourcecode.swift; path = "SKScene+ShaderTransition.swift"; sourceTree = "<group>"; };
		A935954720C27B80000FF0FA /* retro_transition_fade_from_centre.fsh */ = {isa = PBXFileReference; fileEncoding = 4; lastKnownFileType = sourcecode.glsl; path = retro_transition_fade_from_centre.fsh; sourceTree = "<group>"; };
		A935954820C27B81000FF0FA /* retro_transition_fade_from_top_left.fsh */ = {isa = PBXFileReference; fileEncoding = 4; lastKnownFileType = sourcecode.glsl; path = retro_transition_fade_from_top_left.fsh; sourceTree = "<group>"; };
		A935954920C27B81000FF0FA /* retro_transition_fade_from_top.fsh */ = {isa = PBXFileReference; fileEncoding = 4; lastKnownFileType = sourcecode.glsl; path = retro_transition_fade_from_top.fsh; sourceTree = "<group>"; };
		A935954A20C27B81000FF0FA /* retro_transition_fade_to_centre.fsh */ = {isa = PBXFileReference; fileEncoding = 4; lastKnownFileType = sourcecode.glsl; path = retro_transition_fade_to_centre.fsh; sourceTree = "<group>"; };
		A941362220C4067C007FD610 /* Bool+PipeRandom.swift */ = {isa = PBXFileReference; lastKnownFileType = sourcecode.swift; path = "Bool+PipeRandom.swift"; sourceTree = "<group>"; };
		A94A97F621A287890087C018 /* InfiniteSpriteScrollNode.swift */ = {isa = PBXFileReference; fileEncoding = 4; lastKnownFileType = sourcecode.swift; path = InfiniteSpriteScrollNode.swift; sourceTree = "<group>"; };
		A950485720BADB7A0020ECD9 /* SKSpriteNode+GIF.swift */ = {isa = PBXFileReference; lastKnownFileType = sourcecode.swift; path = "SKSpriteNode+GIF.swift"; sourceTree = "<group>"; };
		A950485920BAE2170020ECD9 /* animated-nyan-hip.gif */ = {isa = PBXFileReference; lastKnownFileType = image.gif; path = "animated-nyan-hip.gif"; sourceTree = "<group>"; };
		A950485C20BAE29C0020ECD9 /* animated-gamecat-nyan.gif */ = {isa = PBXFileReference; lastKnownFileType = image.gif; path = "animated-gamecat-nyan.gif"; sourceTree = "<group>"; };
		A950485D20BAE29C0020ECD9 /* animated-nyan-squirrel.gif */ = {isa = PBXFileReference; lastKnownFileType = image.gif; path = "animated-nyan-squirrel.gif"; sourceTree = "<group>"; };
		A950485E20BAE29C0020ECD9 /* animated-nyancoin.gif */ = {isa = PBXFileReference; lastKnownFileType = image.gif; path = "animated-nyancoin.gif"; sourceTree = "<group>"; };
		A950485F20BAE29C0020ECD9 /* animated-jazz-nyan.gif */ = {isa = PBXFileReference; lastKnownFileType = image.gif; path = "animated-jazz-nyan.gif"; sourceTree = "<group>"; };
		A950486020BAE29C0020ECD9 /* animated-lifealope-nyan.gif */ = {isa = PBXFileReference; lastKnownFileType = image.gif; path = "animated-lifealope-nyan.gif"; sourceTree = "<group>"; };
		A992D8B520A03B90003A9998 /* SceneOverlay.swift */ = {isa = PBXFileReference; lastKnownFileType = sourcecode.swift; path = SceneOverlay.swift; sourceTree = "<group>"; };
		A9A3139820B0006400B36175 /* TitleScene iPad.sks */ = {isa = PBXFileReference; lastKnownFileType = file.sks; path = "TitleScene iPad.sks"; sourceTree = "<group>"; };
		A9A3139C20B0226D00B36175 /* SettingsScene iPad.sks */ = {isa = PBXFileReference; lastKnownFileType = file.sks; path = "SettingsScene iPad.sks"; sourceTree = "<group>"; };
		A9A3139E20B022B100B36175 /* ScoreScene iPad.sks */ = {isa = PBXFileReference; lastKnownFileType = file.sks; path = "ScoreScene iPad.sks"; sourceTree = "<group>"; };
		A9A313A020B0239100B36175 /* GameScene iPad.sks */ = {isa = PBXFileReference; lastKnownFileType = file.sks; path = "GameScene iPad.sks"; sourceTree = "<group>"; };
		A9A313A220B0263C00B36175 /* PauseScene iPad.sks */ = {isa = PBXFileReference; lastKnownFileType = file.sks; path = "PauseScene iPad.sks"; sourceTree = "<group>"; };
		A9A313A420B026E000B36175 /* FailedScene iPad.sks */ = {isa = PBXFileReference; lastKnownFileType = file.sks; path = "FailedScene iPad.sks"; sourceTree = "<group>"; };
		A9ACB9192099A1F200966991 /* FlappyFlyBird.app */ = {isa = PBXFileReference; explicitFileType = wrapper.application; includeInIndex = 0; path = FlappyFlyBird.app; sourceTree = BUILT_PRODUCTS_DIR; };
		A9ACB91C2099A1F200966991 /* AppDelegate.swift */ = {isa = PBXFileReference; lastKnownFileType = sourcecode.swift; path = AppDelegate.swift; sourceTree = "<group>"; };
		A9ACB91E2099A1F200966991 /* GameScene.sks */ = {isa = PBXFileReference; lastKnownFileType = file.sks; path = GameScene.sks; sourceTree = "<group>"; };
		A9ACB9222099A1F200966991 /* GameScene.swift */ = {isa = PBXFileReference; lastKnownFileType = sourcecode.swift; path = GameScene.swift; sourceTree = "<group>"; };
		A9ACB9242099A1F200966991 /* GameViewController.swift */ = {isa = PBXFileReference; lastKnownFileType = sourcecode.swift; path = GameViewController.swift; sourceTree = "<group>"; };
		A9ACB9272099A1F200966991 /* Base */ = {isa = PBXFileReference; lastKnownFileType = file.storyboard; name = Base; path = Base.lproj/Main.storyboard; sourceTree = "<group>"; };
		A9ACB9292099A1F300966991 /* Assets.xcassets */ = {isa = PBXFileReference; lastKnownFileType = folder.assetcatalog; path = Assets.xcassets; sourceTree = "<group>"; };
		A9ACB92C2099A1F300966991 /* Base */ = {isa = PBXFileReference; lastKnownFileType = file.storyboard; name = Base; path = Base.lproj/LaunchScreen.storyboard; sourceTree = "<group>"; };
		A9ACB92E2099A1F300966991 /* Info.plist */ = {isa = PBXFileReference; lastKnownFileType = text.plist.xml; path = Info.plist; sourceTree = "<group>"; };
		A9ACB96A2099B42300966991 /* Actions.sks */ = {isa = PBXFileReference; lastKnownFileType = file.sks; path = Actions.sks; sourceTree = "<group>"; };
		A9ACB96D2099B7AE00966991 /* rollover1.mp3 */ = {isa = PBXFileReference; lastKnownFileType = audio.mp3; path = rollover1.mp3; sourceTree = "<group>"; };
		A9ACB96E2099B7AF00966991 /* click1.mp3 */ = {isa = PBXFileReference; lastKnownFileType = audio.mp3; path = click1.mp3; sourceTree = "<group>"; };
		A9ACB96F2099B7AF00966991 /* switch3.mp3 */ = {isa = PBXFileReference; lastKnownFileType = audio.mp3; path = switch3.mp3; sourceTree = "<group>"; };
		A9ACB9702099B7AF00966991 /* click2.mp3 */ = {isa = PBXFileReference; lastKnownFileType = audio.mp3; path = click2.mp3; sourceTree = "<group>"; };
		A9ACB9712099B7AF00966991 /* switch2.mp3 */ = {isa = PBXFileReference; lastKnownFileType = audio.mp3; path = switch2.mp3; sourceTree = "<group>"; };
		A9ACB9722099B7AF00966991 /* rollover2.mp3 */ = {isa = PBXFileReference; lastKnownFileType = audio.mp3; path = rollover2.mp3; sourceTree = "<group>"; };
		A9ACB9862099E74600966991 /* BirdNode.swift */ = {isa = PBXFileReference; lastKnownFileType = sourcecode.swift; path = BirdNode.swift; sourceTree = "<group>"; };
		A9ACB98A2099F0D300966991 /* Updatable.swift */ = {isa = PBXFileReference; lastKnownFileType = sourcecode.swift; path = Updatable.swift; sourceTree = "<group>"; };
		A9ACB98C2099F0FC00966991 /* Touchable.swift */ = {isa = PBXFileReference; lastKnownFileType = sourcecode.swift; path = Touchable.swift; sourceTree = "<group>"; };
		A9ACB9962099F19E00966991 /* .gitignore */ = {isa = PBXFileReference; lastKnownFileType = text; path = .gitignore; sourceTree = "<group>"; };
		A9ACB9982099F1D200966991 /* PhysicsCategories.swift */ = {isa = PBXFileReference; lastKnownFileType = sourcecode.swift; path = PhysicsCategories.swift; sourceTree = "<group>"; };
		A9ACB99B209A0DE100966991 /* CGFloat+MathUtils.swift */ = {isa = PBXFileReference; lastKnownFileType = sourcecode.swift; path = "CGFloat+MathUtils.swift"; sourceTree = "<group>"; };
		A9ACB99E209A0F4D00966991 /* GameSceneAdapter.swift */ = {isa = PBXFileReference; lastKnownFileType = sourcecode.swift; path = GameSceneAdapter.swift; sourceTree = "<group>"; };
		A9B14F1720A57575005221BA /* PrePlayScene.sks */ = {isa = PBXFileReference; lastKnownFileType = file.sks; path = PrePlayScene.sks; sourceTree = "<group>"; };
		A9B14F1920A5796E005221BA /* clock-tick.mp3 */ = {isa = PBXFileReference; lastKnownFileType = audio.mp3; path = "clock-tick.mp3"; sourceTree = "<group>"; };
		A9B14F1A20A5796E005221BA /* clock-final-tick.mp3 */ = {isa = PBXFileReference; lastKnownFileType = audio.mp3; path = "clock-final-tick.mp3"; sourceTree = "<group>"; };
		A9B14F1E20A588BB005221BA /* TouchToFlyScene.sks */ = {isa = PBXFileReference; lastKnownFileType = file.sks; path = TouchToFlyScene.sks; sourceTree = "<group>"; };
		A9B9C728209EE31C0045548D /* TitleScene.swift */ = {isa = PBXFileReference; lastKnownFileType = sourcecode.swift; path = TitleScene.swift; sourceTree = "<group>"; };
		A9B9C72A209EE3290045548D /* TitleScene.sks */ = {isa = PBXFileReference; lastKnownFileType = file.sks; path = TitleScene.sks; sourceTree = "<group>"; };
		A9B9F83520B449EC00FC0BDA /* Playable.swift */ = {isa = PBXFileReference; lastKnownFileType = sourcecode.swift; path = Playable.swift; sourceTree = "<group>"; };
		A9CA8F6C209C9130004CB9D4 /* Coin.wav */ = {isa = PBXFileReference; lastKnownFileType = audio.wav; path = Coin.wav; sourceTree = "<group>"; };
		A9CA8F6E209C9233004CB9D4 /* POL-flight-master-short.wav */ = {isa = PBXFileReference; lastKnownFileType = audio.wav; path = "POL-flight-master-short.wav"; sourceTree = "<group>"; };
		A9CA8F71209C9549004CB9D4 /* POL-catch-them-all-short.wav */ = {isa = PBXFileReference; lastKnownFileType = audio.wav; path = "POL-catch-them-all-short.wav"; sourceTree = "<group>"; };
		A9CA8F73209C954E004CB9D4 /* Hit_Hurt.wav */ = {isa = PBXFileReference; lastKnownFileType = audio.wav; path = Hit_Hurt.wav; sourceTree = "<group>"; };
		A9CC5C30209EFA0600040E61 /* SKTexture+Gradient.swift */ = {isa = PBXFileReference; lastKnownFileType = sourcecode.swift; path = "SKTexture+Gradient.swift"; sourceTree = "<group>"; };
		A9CC5C3620A0216500040E61 /* ControlInputDirection.swift */ = {isa = PBXFileReference; lastKnownFileType = sourcecode.swift; path = ControlInputDirection.swift; sourceTree = "<group>"; };
		A9CC5C3920A02D0A00040E61 /* PauseScene.sks */ = {isa = PBXFileReference; lastKnownFileType = file.sks; path = PauseScene.sks; sourceTree = "<group>"; };
		A9CC5C3C20A030A900040E61 /* FailedScene.sks */ = {isa = PBXFileReference; lastKnownFileType = file.sks; path = FailedScene.sks; sourceTree = "<group>"; };
		A9CCA26D20BBD5B5005795BD /* NyancatNode.swift */ = {isa = PBXFileReference; lastKnownFileType = sourcecode.swift; path = NyancatNode.swift; sourceTree = "<group>"; };
		A9D0897820B97CA800BE2896 /* CharactersScene.swift */ = {isa = PBXFileReference; lastKnownFileType = sourcecode.swift; path = CharactersScene.swift; sourceTree = "<group>"; };
		A9D4CFD6209AF515006461AF /* SKScene+SpriteUploader.swift */ = {isa = PBXFileReference; lastKnownFileType = sourcecode.swift; path = "SKScene+SpriteUploader.swift"; sourceTree = "<group>"; };
		A9D4CFD8209AF53E006461AF /* SKTextureAtlas+FrameUploader.swift */ = {isa = PBXFileReference; lastKnownFileType = sourcecode.swift; path = "SKTextureAtlas+FrameUploader.swift"; sourceTree = "<group>"; };
		A9D4CFDA209AFA06006461AF /* GameSceneProtocol.swift */ = {isa = PBXFileReference; lastKnownFileType = sourcecode.swift; path = GameSceneProtocol.swift; sourceTree = "<group>"; };
		A9D4CFDC209B3A4F006461AF /* PipeNode.swift */ = {isa = PBXFileReference; lastKnownFileType = sourcecode.swift; path = PipeNode.swift; sourceTree = "<group>"; };
		A9D4CFDF209B4040006461AF /* PipeFactory.swift */ = {isa = PBXFileReference; lastKnownFileType = sourcecode.swift; path = PipeFactory.swift; sourceTree = "<group>"; };
		A9E14DAE20B1764B0075D725 /* SKEmitterNode+Utils.swift */ = {isa = PBXFileReference; lastKnownFileType = sourcecode.swift; path = "SKEmitterNode+Utils.swift"; sourceTree = "<group>"; };
		A9EBCCA820B9785400BB08A3 /* CharactersScene iPad.sks */ = {isa = PBXFileReference; lastKnownFileType = file.sks; path = "CharactersScene iPad.sks"; sourceTree = "<group>"; };
		A9EBCCA920B9785400BB08A3 /* CharactersScene.sks */ = {isa = PBXFileReference; lastKnownFileType = file.sks; path = CharactersScene.sks; sourceTree = "<group>"; };
		A9EC755D20A6CB03007C42EC /* SettingsScene.sks */ = {isa = PBXFileReference; lastKnownFileType = file.sks; path = SettingsScene.sks; sourceTree = "<group>"; };
		A9EC755F20A6D0F1007C42EC /* ScoreScene.sks */ = {isa = PBXFileReference; lastKnownFileType = file.sks; path = ScoreScene.sks; sourceTree = "<group>"; };
		A9EC756320A6D3E9007C42EC /* SettingsScene.swift */ = {isa = PBXFileReference; lastKnownFileType = sourcecode.swift; path = SettingsScene.swift; sourceTree = "<group>"; };
		A9EC756520A6D829007C42EC /* ScoresScene.swift */ = {isa = PBXFileReference; lastKnownFileType = sourcecode.swift; path = ScoresScene.swift; sourceTree = "<group>"; };
		A9EC756720A6E479007C42EC /* RoutingUtilityScene.swift */ = {isa = PBXFileReference; lastKnownFileType = sourcecode.swift; path = RoutingUtilityScene.swift; sourceTree = "<group>"; };
/* End PBXFileReference section */

/* Begin PBXFrameworksBuildPhase section */
		A9ACB9162099A1F200966991 /* Frameworks */ = {
			isa = PBXFrameworksBuildPhase;
			buildActionMask = 2147483647;
			files = (
			);
			runOnlyForDeploymentPostprocessing = 0;
		};
/* End PBXFrameworksBuildPhase section */

/* Begin PBXGroup section */
		A903943720AD9D1A00376CC3 /* Particles */ = {
			isa = PBXGroup;
			children = (
				A903943520AD9D1200376CC3 /* SnowParticleEffect.sks */,
				A903943820AD9E7900376CC3 /* RainParticleEffect.sks */,
				A903943920AD9E7900376CC3 /* Particles.xcassets */,
			);
			path = Particles;
			sourceTree = "<group>";
		};
		A903943C20ADAB0100376CC3 /* UI Components */ = {
			isa = PBXGroup;
			children = (
				A92E72ED209D87570015F647 /* ButtonNode.swift */,
				A903943E20ADB24000376CC3 /* ToggleButtonNode.swift */,
				A9092FA4216B35C800D773BC /* TriggleButtonNode.swift */,
			);
			path = "UI Components";
			sourceTree = "<group>";
		};
		A903943D20ADAB0A00376CC3 /* Game Componens */ = {
			isa = PBXGroup;
			children = (
				A94A97F621A287890087C018 /* InfiniteSpriteScrollNode.swift */,
				A9D4CFDC209B3A4F006461AF /* PipeNode.swift */,
			);
			path = "Game Componens";
			sourceTree = "<group>";
		};
		A92E72DC209D80FA0015F647 /* Game States */ = {
			isa = PBXGroup;
			children = (
				A92E72E1209D815B0015F647 /* PlayingState.swift */,
				A92E72E3209D81820015F647 /* GameOverState.swift */,
				A92E72E5209D818B0015F647 /* PausedState.swift */,
			);
			path = "Game States";
			sourceTree = "<group>";
		};
		A935954520C27B6B000FF0FA /* Shaders */ = {
			isa = PBXGroup;
			children = (
				A935954620C27B76000FF0FA /* Transitions */,
			);
			path = Shaders;
			sourceTree = "<group>";
		};
		A935954620C27B76000FF0FA /* Transitions */ = {
			isa = PBXGroup;
			children = (
				A935954720C27B80000FF0FA /* retro_transition_fade_from_centre.fsh */,
				A935954820C27B81000FF0FA /* retro_transition_fade_from_top_left.fsh */,
				A935954920C27B81000FF0FA /* retro_transition_fade_from_top.fsh */,
				A935954A20C27B81000FF0FA /* retro_transition_fade_to_centre.fsh */,
			);
			path = Transitions;
			sourceTree = "<group>";
		};
		A950485B20BAE2500020ECD9 /* Animated Players */ = {
			isa = PBXGroup;
			children = (
				A950485C20BAE29C0020ECD9 /* animated-gamecat-nyan.gif */,
				A950485F20BAE29C0020ECD9 /* animated-jazz-nyan.gif */,
				A950486020BAE29C0020ECD9 /* animated-lifealope-nyan.gif */,
				A950485D20BAE29C0020ECD9 /* animated-nyan-squirrel.gif */,
				A950485E20BAE29C0020ECD9 /* animated-nyancoin.gif */,
				A950485920BAE2170020ECD9 /* animated-nyan-hip.gif */,
			);
			path = "Animated Players";
			sourceTree = "<group>";
		};
		A992D8B720A0A54F003A9998 /* Sound */ = {
			isa = PBXGroup;
			children = (
				A9CA8F6C209C9130004CB9D4 /* Coin.wav */,
				A9CA8F73209C954E004CB9D4 /* Hit_Hurt.wav */,
			);
			path = Sound;
			sourceTree = "<group>";
		};
		A9ACB9102099A1F200966991 = {
			isa = PBXGroup;
			children = (
				A9ACB9962099F19E00966991 /* .gitignore */,
				A9ACB91B2099A1F200966991 /* FlappyFlyBird */,
				A9ACB91A2099A1F200966991 /* Products */,
			);
			sourceTree = "<group>";
		};
		A9ACB91A2099A1F200966991 /* Products */ = {
			isa = PBXGroup;
			children = (
				A9ACB9192099A1F200966991 /* FlappyFlyBird.app */,
			);
			name = Products;
			sourceTree = "<group>";
		};
		A9ACB91B2099A1F200966991 /* FlappyFlyBird */ = {
			isa = PBXGroup;
			children = (
				A9ACB91C2099A1F200966991 /* AppDelegate.swift */,
				A9ACB92E2099A1F300966991 /* Info.plist */,
				A9ACB9932099F16800966991 /* Storyboards */,
				A9ACB9922099F15E00966991 /* View Controllers */,
				A9ACB99D209A0F3D00966991 /* Adapeters */,
				A9D4CFDE209B402A006461AF /* Factories */,
				A9ACB99A209A0DD100966991 /* Extensions */,
				A9CC5C3520A0215C00040E61 /* Control */,
				A92E72DC209D80FA0015F647 /* Game States */,
				A9ACB9902099F13700966991 /* Scenes */,
				A9ACB98F2099F12000966991 /* Assets */,
				A9ACB98E2099F11900966991 /* Utils */,
				A9ACB9892099F0C100966991 /* Protocols */,
				A9ACB9882099F0B600966991 /* Nodes */,
			);
			path = FlappyFlyBird;
			sourceTree = "<group>";
		};
		A9ACB9442099A47800966991 /* Fonts */ = {
			isa = PBXGroup;
			children = (
				A92E72EB209D84AE0015F647 /* Pixel Digivolve.otf */,
			);
			path = Fonts;
			sourceTree = "<group>";
		};
		A9ACB95B2099B14A00966991 /* Sound */ = {
			isa = PBXGroup;
			children = (
				A9CA8F6B209C9129004CB9D4 /* Game */,
				A9ACB95C2099B15000966991 /* UI */,
			);
			path = Sound;
			sourceTree = "<group>";
		};
		A9ACB95C2099B15000966991 /* UI */ = {
			isa = PBXGroup;
			children = (
				A9ACB96E2099B7AF00966991 /* click1.mp3 */,
				A9ACB9702099B7AF00966991 /* click2.mp3 */,
				A9ACB96D2099B7AE00966991 /* rollover1.mp3 */,
				A9ACB9722099B7AF00966991 /* rollover2.mp3 */,
				A9ACB9712099B7AF00966991 /* switch2.mp3 */,
				A9ACB96F2099B7AF00966991 /* switch3.mp3 */,
				A9B14F1A20A5796E005221BA /* clock-final-tick.mp3 */,
				A9B14F1920A5796E005221BA /* clock-tick.mp3 */,
			);
			path = UI;
			sourceTree = "<group>";
		};
		A9ACB96C2099B46E00966991 /* Actions */ = {
			isa = PBXGroup;
			children = (
				A9ACB96A2099B42300966991 /* Actions.sks */,
			);
			path = Actions;
			sourceTree = "<group>";
		};
		A9ACB9882099F0B600966991 /* Nodes */ = {
			isa = PBXGroup;
			children = (
				A9B9F83720B44AC300FC0BDA /* Playables */,
				A903943D20ADAB0A00376CC3 /* Game Componens */,
				A903943C20ADAB0100376CC3 /* UI Components */,
			);
			path = Nodes;
			sourceTree = "<group>";
		};
		A9ACB9892099F0C100966991 /* Protocols */ = {
			isa = PBXGroup;
			children = (
				A9ACB98A2099F0D300966991 /* Updatable.swift */,
				A9ACB98C2099F0FC00966991 /* Touchable.swift */,
				A9D4CFDA209AFA06006461AF /* GameSceneProtocol.swift */,
				A9B9F83520B449EC00FC0BDA /* Playable.swift */,
				A90192FA21F1BDF40020C612 /* PhysicsContactable.swift */,
			);
			path = Protocols;
			sourceTree = "<group>";
		};
		A9ACB98E2099F11900966991 /* Utils */ = {
			isa = PBXGroup;
			children = (
				A9ACB9982099F1D200966991 /* PhysicsCategories.swift */,
				A903943320AD94F000376CC3 /* UserDefaults.swift */,
			);
			path = Utils;
			sourceTree = "<group>";
		};
		A9ACB98F2099F12000966991 /* Assets */ = {
			isa = PBXGroup;
			children = (
				A935954520C27B6B000FF0FA /* Shaders */,
				A950485B20BAE2500020ECD9 /* Animated Players */,
				A903943720AD9D1A00376CC3 /* Particles */,
				A9ACB96C2099B46E00966991 /* Actions */,
				A9CC5C3E20A0361700040E61 /* Scenes */,
				A9ACB9292099A1F300966991 /* Assets.xcassets */,
				A9ACB9442099A47800966991 /* Fonts */,
				A9ACB95B2099B14A00966991 /* Sound */,
			);
			path = Assets;
			sourceTree = "<group>";
		};
		A9ACB9902099F13700966991 /* Scenes */ = {
			isa = PBXGroup;
			children = (
				A9B9C728209EE31C0045548D /* TitleScene.swift */,
				A9ACB9222099A1F200966991 /* GameScene.swift */,
				A9EC756320A6D3E9007C42EC /* SettingsScene.swift */,
				A9EC756520A6D829007C42EC /* ScoresScene.swift */,
				A9D0897820B97CA800BE2896 /* CharactersScene.swift */,
				A992D8B520A03B90003A9998 /* SceneOverlay.swift */,
				A9EC756720A6E479007C42EC /* RoutingUtilityScene.swift */,
			);
			path = Scenes;
			sourceTree = "<group>";
		};
		A9ACB9922099F15E00966991 /* View Controllers */ = {
			isa = PBXGroup;
			children = (
				A9ACB9242099A1F200966991 /* GameViewController.swift */,
			);
			path = "View Controllers";
			sourceTree = "<group>";
		};
		A9ACB9932099F16800966991 /* Storyboards */ = {
			isa = PBXGroup;
			children = (
				A9ACB9262099A1F200966991 /* Main.storyboard */,
				A9ACB92B2099A1F300966991 /* LaunchScreen.storyboard */,
			);
			path = Storyboards;
			sourceTree = "<group>";
		};
		A9ACB99A209A0DD100966991 /* Extensions */ = {
			isa = PBXGroup;
			children = (
				A9ACB99B209A0DE100966991 /* CGFloat+MathUtils.swift */,
				A9D4CFD6209AF515006461AF /* SKScene+SpriteUploader.swift */,
				A9D4CFD8209AF53E006461AF /* SKTextureAtlas+FrameUploader.swift */,
				A9CC5C30209EFA0600040E61 /* SKTexture+Gradient.swift */,
				A9E14DAE20B1764B0075D725 /* SKEmitterNode+Utils.swift */,
				A950485720BADB7A0020ECD9 /* SKSpriteNode+GIF.swift */,
				A935954320C2773F000FF0FA /* SKScene+ShaderTransition.swift */,
				A941362220C4067C007FD610 /* Bool+PipeRandom.swift */,
			);
			path = Extensions;
			sourceTree = "<group>";
		};
		A9ACB99D209A0F3D00966991 /* Adapeters */ = {
			isa = PBXGroup;
			children = (
				A9ACB99E209A0F4D00966991 /* GameSceneAdapter.swift */,
			);
			path = Adapeters;
			sourceTree = "<group>";
		};
		A9B14F1D20A58889005221BA /* Utility Overlay */ = {
			isa = PBXGroup;
			children = (
				A9B14F1720A57575005221BA /* PrePlayScene.sks */,
				A9B14F1E20A588BB005221BA /* TouchToFlyScene.sks */,
			);
			path = "Utility Overlay";
			sourceTree = "<group>";
		};
		A9B9F83720B44AC300FC0BDA /* Playables */ = {
			isa = PBXGroup;
			children = (
				A9ACB9862099E74600966991 /* BirdNode.swift */,
				A90292DF20B1909A0043C9B2 /* NyancatRainbowNode.swift */,
				A9CCA26D20BBD5B5005795BD /* NyancatNode.swift */,
			);
			path = Playables;
			sourceTree = "<group>";
		};
		A9CA8F6B209C9129004CB9D4 /* Game */ = {
			isa = PBXGroup;
			children = (
				A992D8B720A0A54F003A9998 /* Sound */,
				A9CA8F70209C953A004CB9D4 /* Music */,
			);
			path = Game;
			sourceTree = "<group>";
		};
		A9CA8F70209C953A004CB9D4 /* Music */ = {
			isa = PBXGroup;
			children = (
				A9CA8F6E209C9233004CB9D4 /* POL-flight-master-short.wav */,
				A9CA8F71209C9549004CB9D4 /* POL-catch-them-all-short.wav */,
			);
			path = Music;
			sourceTree = "<group>";
		};
		A9CC5C3520A0215C00040E61 /* Control */ = {
			isa = PBXGroup;
			children = (
				A9CC5C3620A0216500040E61 /* ControlInputDirection.swift */,
			);
			path = Control;
			sourceTree = "<group>";
		};
		A9CC5C3E20A0361700040E61 /* Scenes */ = {
			isa = PBXGroup;
			children = (
				A9EC756220A6D10F007C42EC /* Main Scenes */,
				A9EC756120A6D101007C42EC /* Game Overlay */,
				A9B14F1D20A58889005221BA /* Utility Overlay */,
			);
			path = Scenes;
			sourceTree = "<group>";
		};
		A9D4CFDE209B402A006461AF /* Factories */ = {
			isa = PBXGroup;
			children = (
				A9D4CFDF209B4040006461AF /* PipeFactory.swift */,
			);
			path = Factories;
			sourceTree = "<group>";
		};
		A9EC756120A6D101007C42EC /* Game Overlay */ = {
			isa = PBXGroup;
			children = (
				A9CC5C3920A02D0A00040E61 /* PauseScene.sks */,
				A9A313A220B0263C00B36175 /* PauseScene iPad.sks */,
				A9CC5C3C20A030A900040E61 /* FailedScene.sks */,
				A9A313A420B026E000B36175 /* FailedScene iPad.sks */,
			);
			path = "Game Overlay";
			sourceTree = "<group>";
		};
		A9EC756220A6D10F007C42EC /* Main Scenes */ = {
			isa = PBXGroup;
			children = (
				A9B9C72A209EE3290045548D /* TitleScene.sks */,
				A9A3139820B0006400B36175 /* TitleScene iPad.sks */,
				A9ACB91E2099A1F200966991 /* GameScene.sks */,
				A9A313A020B0239100B36175 /* GameScene iPad.sks */,
				A9EC755D20A6CB03007C42EC /* SettingsScene.sks */,
				A9A3139C20B0226D00B36175 /* SettingsScene iPad.sks */,
				A9EC755F20A6D0F1007C42EC /* ScoreScene.sks */,
				A9A3139E20B022B100B36175 /* ScoreScene iPad.sks */,
				A9EBCCA920B9785400BB08A3 /* CharactersScene.sks */,
				A9EBCCA820B9785400BB08A3 /* CharactersScene iPad.sks */,
			);
			path = "Main Scenes";
			sourceTree = "<group>";
		};
/* End PBXGroup section */

/* Begin PBXNativeTarget section */
		A9ACB9182099A1F200966991 /* FlappyFlyBird */ = {
			isa = PBXNativeTarget;
			buildConfigurationList = A9ACB93C2099A1F300966991 /* Build configuration list for PBXNativeTarget "FlappyFlyBird" */;
			buildPhases = (
				A9ACB9152099A1F200966991 /* Sources */,
				A9ACB9162099A1F200966991 /* Frameworks */,
				A9ACB9172099A1F200966991 /* Resources */,
			);
			buildRules = (
			);
			dependencies = (
			);
			name = FlappyFlyBird;
			productName = "ios-spritekit-flappy-flying-bird";
			productReference = A9ACB9192099A1F200966991 /* FlappyFlyBird.app */;
			productType = "com.apple.product-type.application";
		};
/* End PBXNativeTarget section */

/* Begin PBXProject section */
		A9ACB9112099A1F200966991 /* Project object */ = {
			isa = PBXProject;
			attributes = {
				LastSwiftUpdateCheck = 0930;
				LastUpgradeCheck = 1200;
				ORGANIZATIONNAME = "Astemir Eleev";
				TargetAttributes = {
					A9ACB9182099A1F200966991 = {
						CreatedOnToolsVersion = 9.3;
						LastSwiftMigration = 1020;
					};
				};
			};
			buildConfigurationList = A9ACB9142099A1F200966991 /* Build configuration list for PBXProject "FlappyFlyBird" */;
			compatibilityVersion = "Xcode 9.3";
			developmentRegion = en;
			hasScannedForEncodings = 0;
			knownRegions = (
				en,
				Base,
			);
			mainGroup = A9ACB9102099A1F200966991;
			productRefGroup = A9ACB91A2099A1F200966991 /* Products */;
			projectDirPath = "";
			projectRoot = "";
			targets = (
				A9ACB9182099A1F200966991 /* FlappyFlyBird */,
			);
		};
/* End PBXProject section */

/* Begin PBXResourcesBuildPhase section */
		A9ACB9172099A1F200966991 /* Resources */ = {
			isa = PBXResourcesBuildPhase;
			buildActionMask = 2147483647;
			files = (
				A9CA8F6D209C9130004CB9D4 /* Coin.wav in Resources */,
				A9EBCCAB20B9785400BB08A3 /* CharactersScene.sks in Resources */,
				A9ACB96B2099B42300966991 /* Actions.sks in Resources */,
				A903943620AD9D1200376CC3 /* SnowParticleEffect.sks in Resources */,
				A9ACB9732099B7AF00966991 /* rollover1.mp3 in Resources */,
				A9ACB9282099A1F200966991 /* Main.storyboard in Resources */,
				A9ACB9972099F19E00966991 /* .gitignore in Resources */,
				A950486520BAE29C0020ECD9 /* animated-lifealope-nyan.gif in Resources */,
				A9ACB9752099B7AF00966991 /* switch3.mp3 in Resources */,
				A9EC755E20A6CB03007C42EC /* SettingsScene.sks in Resources */,
				A9ACB9782099B7AF00966991 /* rollover2.mp3 in Resources */,
				A9ACB9742099B7AF00966991 /* click1.mp3 in Resources */,
				A9A3139920B0006400B36175 /* TitleScene iPad.sks in Resources */,
				A935954D20C27B81000FF0FA /* retro_transition_fade_from_top.fsh in Resources */,
				A950486420BAE29C0020ECD9 /* animated-jazz-nyan.gif in Resources */,
				A9ACB91F2099A1F200966991 /* GameScene.sks in Resources */,
				A9CA8F74209C954E004CB9D4 /* Hit_Hurt.wav in Resources */,
				A9ACB92A2099A1F300966991 /* Assets.xcassets in Resources */,
				A9A313A320B0263C00B36175 /* PauseScene iPad.sks in Resources */,
				A9EBCCAA20B9785400BB08A3 /* CharactersScene iPad.sks in Resources */,
				A9ACB9772099B7AF00966991 /* switch2.mp3 in Resources */,
				A935954B20C27B81000FF0FA /* retro_transition_fade_from_centre.fsh in Resources */,
				A9CC5C3A20A02D0A00040E61 /* PauseScene.sks in Resources */,
				A9B9C72B209EE3290045548D /* TitleScene.sks in Resources */,
				A903943A20AD9E7900376CC3 /* RainParticleEffect.sks in Resources */,
				A9B14F1820A57575005221BA /* PrePlayScene.sks in Resources */,
				A935954C20C27B81000FF0FA /* retro_transition_fade_from_top_left.fsh in Resources */,
				A9ACB92D2099A1F300966991 /* LaunchScreen.storyboard in Resources */,
				A9B14F1C20A5796E005221BA /* clock-final-tick.mp3 in Resources */,
				A950486120BAE29C0020ECD9 /* animated-gamecat-nyan.gif in Resources */,
				A9CA8F72209C9549004CB9D4 /* POL-catch-them-all-short.wav in Resources */,
				A9A313A120B0239100B36175 /* GameScene iPad.sks in Resources */,
				A9EC756020A6D0F1007C42EC /* ScoreScene.sks in Resources */,
				A9A3139D20B0226D00B36175 /* SettingsScene iPad.sks in Resources */,
				A950486320BAE29C0020ECD9 /* animated-nyancoin.gif in Resources */,
				A92E72EC209D84AE0015F647 /* Pixel Digivolve.otf in Resources */,
				A9A313A520B026E000B36175 /* FailedScene iPad.sks in Resources */,
				A9B14F1B20A5796E005221BA /* clock-tick.mp3 in Resources */,
				A935954E20C27B81000FF0FA /* retro_transition_fade_to_centre.fsh in Resources */,
				A950486220BAE29C0020ECD9 /* animated-nyan-squirrel.gif in Resources */,
				A9A3139F20B022B100B36175 /* ScoreScene iPad.sks in Resources */,
				A9ACB9762099B7AF00966991 /* click2.mp3 in Resources */,
				A950485A20BAE2170020ECD9 /* animated-nyan-hip.gif in Resources */,
				A9CA8F6F209C9233004CB9D4 /* POL-flight-master-short.wav in Resources */,
				A903943B20AD9E7900376CC3 /* Particles.xcassets in Resources */,
				A9B14F1F20A588BB005221BA /* TouchToFlyScene.sks in Resources */,
				A9CC5C3D20A030A900040E61 /* FailedScene.sks in Resources */,
			);
			runOnlyForDeploymentPostprocessing = 0;
		};
/* End PBXResourcesBuildPhase section */

/* Begin PBXSourcesBuildPhase section */
		A9ACB9152099A1F200966991 /* Sources */ = {
			isa = PBXSourcesBuildPhase;
			buildActionMask = 2147483647;
			files = (
				A9E14DAF20B1764B0075D725 /* SKEmitterNode+Utils.swift in Sources */,
				A9EC756820A6E479007C42EC /* RoutingUtilityScene.swift in Sources */,
				A9D4CFD7209AF515006461AF /* SKScene+SpriteUploader.swift in Sources */,
				A92E72EE209D87570015F647 /* ButtonNode.swift in Sources */,
				A9092FA5216B35C800D773BC /* TriggleButtonNode.swift in Sources */,
				A992D8B620A03B90003A9998 /* SceneOverlay.swift in Sources */,
				A9ACB9232099A1F200966991 /* GameScene.swift in Sources */,
				A9ACB98D2099F0FC00966991 /* Touchable.swift in Sources */,
				A90192FB21F1BDF40020C612 /* PhysicsContactable.swift in Sources */,
				A9D4CFDD209B3A50006461AF /* PipeNode.swift in Sources */,
				A9CCA26E20BBD5B5005795BD /* NyancatNode.swift in Sources */,
				A9CC5C3720A0216500040E61 /* ControlInputDirection.swift in Sources */,
				A9D4CFDB209AFA06006461AF /* GameSceneProtocol.swift in Sources */,
				A9ACB98B2099F0D300966991 /* Updatable.swift in Sources */,
				A92E72E6209D818B0015F647 /* PausedState.swift in Sources */,
				A9ACB9252099A1F200966991 /* GameViewController.swift in Sources */,
				A9B9F83620B449EC00FC0BDA /* Playable.swift in Sources */,
				A9ACB9872099E74600966991 /* BirdNode.swift in Sources */,
				A9D4CFD9209AF53E006461AF /* SKTextureAtlas+FrameUploader.swift in Sources */,
				A94A97F721A287890087C018 /* InfiniteSpriteScrollNode.swift in Sources */,
				A9ACB99F209A0F4D00966991 /* GameSceneAdapter.swift in Sources */,
				A92E72E4209D81820015F647 /* GameOverState.swift in Sources */,
				A9ACB99C209A0DE100966991 /* CGFloat+MathUtils.swift in Sources */,
				A9ACB9992099F1D200966991 /* PhysicsCategories.swift in Sources */,
				A9ACB91D2099A1F200966991 /* AppDelegate.swift in Sources */,
				A92E72E2209D815B0015F647 /* PlayingState.swift in Sources */,
				A90292E020B1909A0043C9B2 /* NyancatRainbowNode.swift in Sources */,
				A935954420C2773F000FF0FA /* SKScene+ShaderTransition.swift in Sources */,
				A9CC5C31209EFA0600040E61 /* SKTexture+Gradient.swift in Sources */,
				A9EC756420A6D3E9007C42EC /* SettingsScene.swift in Sources */,
				A903943420AD94F000376CC3 /* UserDefaults.swift in Sources */,
				A9D4CFE0209B4040006461AF /* PipeFactory.swift in Sources */,
				A903943F20ADB24000376CC3 /* ToggleButtonNode.swift in Sources */,
				A9B9C729209EE31C0045548D /* TitleScene.swift in Sources */,
				A950485820BADB7A0020ECD9 /* SKSpriteNode+GIF.swift in Sources */,
				A9D0897920B97CA800BE2896 /* CharactersScene.swift in Sources */,
				A941362320C4067C007FD610 /* Bool+PipeRandom.swift in Sources */,
				A9EC756620A6D829007C42EC /* ScoresScene.swift in Sources */,
			);
			runOnlyForDeploymentPostprocessing = 0;
		};
/* End PBXSourcesBuildPhase section */

/* Begin PBXVariantGroup section */
		A9ACB9262099A1F200966991 /* Main.storyboard */ = {
			isa = PBXVariantGroup;
			children = (
				A9ACB9272099A1F200966991 /* Base */,
			);
			name = Main.storyboard;
			sourceTree = "<group>";
		};
		A9ACB92B2099A1F300966991 /* LaunchScreen.storyboard */ = {
			isa = PBXVariantGroup;
			children = (
				A9ACB92C2099A1F300966991 /* Base */,
			);
			name = LaunchScreen.storyboard;
			sourceTree = "<group>";
		};
/* End PBXVariantGroup section */

/* Begin XCBuildConfiguration section */
		A9ACB93A2099A1F300966991 /* Debug */ = {
			isa = XCBuildConfiguration;
			buildSettings = {
				ALWAYS_SEARCH_USER_PATHS = NO;
				CLANG_ANALYZER_NONNULL = YES;
				CLANG_ANALYZER_NUMBER_OBJECT_CONVERSION = YES_AGGRESSIVE;
				CLANG_CXX_LANGUAGE_STANDARD = "gnu++14";
				CLANG_CXX_LIBRARY = "libc++";
				CLANG_ENABLE_MODULES = YES;
				CLANG_ENABLE_OBJC_ARC = YES;
				CLANG_ENABLE_OBJC_WEAK = YES;
				CLANG_WARN_BLOCK_CAPTURE_AUTORELEASING = YES;
				CLANG_WARN_BOOL_CONVERSION = YES;
				CLANG_WARN_COMMA = YES;
				CLANG_WARN_CONSTANT_CONVERSION = YES;
				CLANG_WARN_DEPRECATED_OBJC_IMPLEMENTATIONS = YES;
				CLANG_WARN_DIRECT_OBJC_ISA_USAGE = YES_ERROR;
				CLANG_WARN_DOCUMENTATION_COMMENTS = YES;
				CLANG_WARN_EMPTY_BODY = YES;
				CLANG_WARN_ENUM_CONVERSION = YES;
				CLANG_WARN_INFINITE_RECURSION = YES;
				CLANG_WARN_INT_CONVERSION = YES;
				CLANG_WARN_NON_LITERAL_NULL_CONVERSION = YES;
				CLANG_WARN_OBJC_IMPLICIT_RETAIN_SELF = YES;
				CLANG_WARN_OBJC_LITERAL_CONVERSION = YES;
				CLANG_WARN_OBJC_ROOT_CLASS = YES_ERROR;
				CLANG_WARN_QUOTED_INCLUDE_IN_FRAMEWORK_HEADER = YES;
				CLANG_WARN_RANGE_LOOP_ANALYSIS = YES;
				CLANG_WARN_STRICT_PROTOTYPES = YES;
				CLANG_WARN_SUSPICIOUS_MOVE = YES;
				CLANG_WARN_UNGUARDED_AVAILABILITY = YES_AGGRESSIVE;
				CLANG_WARN_UNREACHABLE_CODE = YES;
				CLANG_WARN__DUPLICATE_METHOD_MATCH = YES;
				CODE_SIGN_IDENTITY = "iPhone Developer";
				COPY_PHASE_STRIP = NO;
				DEBUG_INFORMATION_FORMAT = dwarf;
				ENABLE_STRICT_OBJC_MSGSEND = YES;
				ENABLE_TESTABILITY = YES;
				GCC_C_LANGUAGE_STANDARD = gnu11;
				GCC_DYNAMIC_NO_PIC = NO;
				GCC_NO_COMMON_BLOCKS = YES;
				GCC_OPTIMIZATION_LEVEL = 0;
				GCC_PREPROCESSOR_DEFINITIONS = (
					"DEBUG=1",
					"$(inherited)",
				);
				GCC_WARN_64_TO_32_BIT_CONVERSION = YES;
				GCC_WARN_ABOUT_RETURN_TYPE = YES_ERROR;
				GCC_WARN_UNDECLARED_SELECTOR = YES;
				GCC_WARN_UNINITIALIZED_AUTOS = YES_AGGRESSIVE;
				GCC_WARN_UNUSED_FUNCTION = YES;
				GCC_WARN_UNUSED_VARIABLE = YES;
				IPHONEOS_DEPLOYMENT_TARGET = 12.0;
				MTL_ENABLE_DEBUG_INFO = YES;
				ONLY_ACTIVE_ARCH = YES;
				SDKROOT = iphoneos;
				SWIFT_ACTIVE_COMPILATION_CONDITIONS = DEBUG;
				SWIFT_OPTIMIZATION_LEVEL = "-Onone";
			};
			name = Debug;
		};
		A9ACB93B2099A1F300966991 /* Release */ = {
			isa = XCBuildConfiguration;
			buildSettings = {
				ALWAYS_SEARCH_USER_PATHS = NO;
				CLANG_ANALYZER_NONNULL = YES;
				CLANG_ANALYZER_NUMBER_OBJECT_CONVERSION = YES_AGGRESSIVE;
				CLANG_CXX_LANGUAGE_STANDARD = "gnu++14";
				CLANG_CXX_LIBRARY = "libc++";
				CLANG_ENABLE_MODULES = YES;
				CLANG_ENABLE_OBJC_ARC = YES;
				CLANG_ENABLE_OBJC_WEAK = YES;
				CLANG_WARN_BLOCK_CAPTURE_AUTORELEASING = YES;
				CLANG_WARN_BOOL_CONVERSION = YES;
				CLANG_WARN_COMMA = YES;
				CLANG_WARN_CONSTANT_CONVERSION = YES;
				CLANG_WARN_DEPRECATED_OBJC_IMPLEMENTATIONS = YES;
				CLANG_WARN_DIRECT_OBJC_ISA_USAGE = YES_ERROR;
				CLANG_WARN_DOCUMENTATION_COMMENTS = YES;
				CLANG_WARN_EMPTY_BODY = YES;
				CLANG_WARN_ENUM_CONVERSION = YES;
				CLANG_WARN_INFINITE_RECURSION = YES;
				CLANG_WARN_INT_CONVERSION = YES;
				CLANG_WARN_NON_LITERAL_NULL_CONVERSION = YES;
				CLANG_WARN_OBJC_IMPLICIT_RETAIN_SELF = YES;
				CLANG_WARN_OBJC_LITERAL_CONVERSION = YES;
				CLANG_WARN_OBJC_ROOT_CLASS = YES_ERROR;
				CLANG_WARN_QUOTED_INCLUDE_IN_FRAMEWORK_HEADER = YES;
				CLANG_WARN_RANGE_LOOP_ANALYSIS = YES;
				CLANG_WARN_STRICT_PROTOTYPES = YES;
				CLANG_WARN_SUSPICIOUS_MOVE = YES;
				CLANG_WARN_UNGUARDED_AVAILABILITY = YES_AGGRESSIVE;
				CLANG_WARN_UNREACHABLE_CODE = YES;
				CLANG_WARN__DUPLICATE_METHOD_MATCH = YES;
				CODE_SIGN_IDENTITY = "iPhone Developer";
				COPY_PHASE_STRIP = NO;
				DEBUG_INFORMATION_FORMAT = "dwarf-with-dsym";
				ENABLE_NS_ASSERTIONS = NO;
				ENABLE_STRICT_OBJC_MSGSEND = YES;
				GCC_C_LANGUAGE_STANDARD = gnu11;
				GCC_NO_COMMON_BLOCKS = YES;
				GCC_WARN_64_TO_32_BIT_CONVERSION = YES;
				GCC_WARN_ABOUT_RETURN_TYPE = YES_ERROR;
				GCC_WARN_UNDECLARED_SELECTOR = YES;
				GCC_WARN_UNINITIALIZED_AUTOS = YES_AGGRESSIVE;
				GCC_WARN_UNUSED_FUNCTION = YES;
				GCC_WARN_UNUSED_VARIABLE = YES;
				IPHONEOS_DEPLOYMENT_TARGET = 12.0;
				MTL_ENABLE_DEBUG_INFO = NO;
				SDKROOT = iphoneos;
				SWIFT_COMPILATION_MODE = wholemodule;
				SWIFT_OPTIMIZATION_LEVEL = "-O";
				VALIDATE_PRODUCT = YES;
			};
			name = Release;
		};
		A9ACB93D2099A1F300966991 /* Debug */ = {
			isa = XCBuildConfiguration;
			buildSettings = {
				ASSETCATALOG_COMPILER_APPICON_NAME = AppIcon;
				CODE_SIGN_STYLE = Automatic;
				DEVELOPMENT_TEAM = T3K58FE38R;
				GCC_OPTIMIZATION_LEVEL = 2;
				INFOPLIST_FILE = "$(SRCROOT)/FlappyFlyBird/Info.plist";
				INFOPLIST_KEY_LSApplicationCategoryType = "public.app-category.arcade-games";
				LD_RUNPATH_SEARCH_PATHS = (
					"$(inherited)",
					"@executable_path/Frameworks",
				);
				MARKETING_VERSION = 1.4.9;
				PRODUCT_BUNDLE_IDENTIFIER = "eleev.astemir.io.flappy-fly-bird";
				PRODUCT_NAME = "$(TARGET_NAME)";
				SWIFT_OPTIMIZATION_LEVEL = "-O";
				SWIFT_VERSION = 5.0;
				TARGETED_DEVICE_FAMILY = "1,2";
			};
			name = Debug;
		};
		A9ACB93E2099A1F300966991 /* Release */ = {
			isa = XCBuildConfiguration;
			buildSettings = {
				ASSETCATALOG_COMPILER_APPICON_NAME = AppIcon;
				CODE_SIGN_STYLE = Automatic;
				DEVELOPMENT_TEAM = T3K58FE38R;
				INFOPLIST_FILE = "$(SRCROOT)/FlappyFlyBird/Info.plist";
				INFOPLIST_KEY_LSApplicationCategoryType = "public.app-category.arcade-games";
				LD_RUNPATH_SEARCH_PATHS = (
					"$(inherited)",
					"@executable_path/Frameworks",
				);
				MARKETING_VERSION = 1.4.9;
				PRODUCT_BUNDLE_IDENTIFIER = "eleev.astemir.io.flappy-fly-bird";
				PRODUCT_NAME = "$(TARGET_NAME)";
				SWIFT_VERSION = 5.0;
				TARGETED_DEVICE_FAMILY = "1,2";
			};
			name = Release;
		};
/* End XCBuildConfiguration section */

/* Begin XCConfigurationList section */
		A9ACB9142099A1F200966991 /* Build configuration list for PBXProject "FlappyFlyBird" */ = {
			isa = XCConfigurationList;
			buildConfigurations = (
				A9ACB93A2099A1F300966991 /* Debug */,
				A9ACB93B2099A1F300966991 /* Release */,
			);
			defaultConfigurationIsVisible = 0;
			defaultConfigurationName = Release;
		};
		A9ACB93C2099A1F300966991 /* Build configuration list for PBXNativeTarget "FlappyFlyBird" */ = {
			isa = XCConfigurationList;
			buildConfigurations = (
				A9ACB93D2099A1F300966991 /* Debug */,
				A9ACB93E2099A1F300966991 /* Release */,
			);
			defaultConfigurationIsVisible = 0;
			defaultConfigurationName = Release;
		};
/* End XCConfigurationList section */
	};
	rootObject = A9ACB9112099A1F200966991 /* Project object */;
}
